// !$*UTF8*$!
{
	archiveVersion = 1;
	classes = {
	};
	objectVersion = 56;
	objects = {

/* Begin PBXBuildFile section */
		56954E7A2BBEDBFF002FC8D0 /* AppDelegate.swift in Sources */ = {isa = PBXBuildFile; fileRef = 56954E792BBEDBFF002FC8D0 /* AppDelegate.swift */; };
		56954E7C2BBEDBFF002FC8D0 /* SceneDelegate.swift in Sources */ = {isa = PBXBuildFile; fileRef = 56954E7B2BBEDBFF002FC8D0 /* SceneDelegate.swift */; };
		56954E7E2BBEDBFF002FC8D0 /* ViewController.swift in Sources */ = {isa = PBXBuildFile; fileRef = 56954E7D2BBEDBFF002FC8D0 /* ViewController.swift */; };
		56954E812BBEDBFF002FC8D0 /* Main.storyboard in Resources */ = {isa = PBXBuildFile; fileRef = 56954E7F2BBEDBFF002FC8D0 /* Main.storyboard */; };
		56954E832BBEDC00002FC8D0 /* Assets.xcassets in Resources */ = {isa = PBXBuildFile; fileRef = 56954E822BBEDC00002FC8D0 /* Assets.xcassets */; };
		56954E862BBEDC00002FC8D0 /* LaunchScreen.storyboard in Resources */ = {isa = PBXBuildFile; fileRef = 56954E842BBEDC00002FC8D0 /* LaunchScreen.storyboard */; };
		56954E912BBEDC00002FC8D0 /* SportsbookTests.swift in Sources */ = {isa = PBXBuildFile; fileRef = 56954E902BBEDC00002FC8D0 /* SportsbookTests.swift */; };
		56954E9B2BBEDC00002FC8D0 /* SportsbookUITests.swift in Sources */ = {isa = PBXBuildFile; fileRef = 56954E9A2BBEDC00002FC8D0 /* SportsbookUITests.swift */; };
		56954E9D2BBEDC00002FC8D0 /* SportsbookUITestsLaunchTests.swift in Sources */ = {isa = PBXBuildFile; fileRef = 56954E9C2BBEDC00002FC8D0 /* SportsbookUITestsLaunchTests.swift */; };
/* End PBXBuildFile section */

/* Begin PBXContainerItemProxy section */
		56954E8D2BBEDC00002FC8D0 /* PBXContainerItemProxy */ = {
			isa = PBXContainerItemProxy;
			containerPortal = 56954E6E2BBEDBFF002FC8D0 /* Project object */;
			proxyType = 1;
			remoteGlobalIDString = 56954E752BBEDBFF002FC8D0;
			remoteInfo = Sportsbook;
		};
		56954E972BBEDC00002FC8D0 /* PBXContainerItemProxy */ = {
			isa = PBXContainerItemProxy;
			containerPortal = 56954E6E2BBEDBFF002FC8D0 /* Project object */;
			proxyType = 1;
			remoteGlobalIDString = 56954E752BBEDBFF002FC8D0;
			remoteInfo = Sportsbook;
		};
/* End PBXContainerItemProxy section */

/* Begin PBXFileReference section */
		56954E762BBEDBFF002FC8D0 /* Sportsbook.app */ = {isa = PBXFileReference; explicitFileType = wrapper.application; includeInIndex = 0; path = Sportsbook.app; sourceTree = BUILT_PRODUCTS_DIR; };
		56954E792BBEDBFF002FC8D0 /* AppDelegate.swift */ = {isa = PBXFileReference; lastKnownFileType = sourcecode.swift; path = AppDelegate.swift; sourceTree = "<group>"; };
		56954E7B2BBEDBFF002FC8D0 /* SceneDelegate.swift */ = {isa = PBXFileReference; lastKnownFileType = sourcecode.swift; path = SceneDelegate.swift; sourceTree = "<group>"; };
		56954E7D2BBEDBFF002FC8D0 /* ViewController.swift */ = {isa = PBXFileReference; lastKnownFileType = sourcecode.swift; path = ViewController.swift; sourceTree = "<group>"; };
		56954E802BBEDBFF002FC8D0 /* Base */ = {isa = PBXFileReference; lastKnownFileType = file.storyboard; name = Base; path = Base.lproj/Main.storyboard; sourceTree = "<group>"; };
		56954E822BBEDC00002FC8D0 /* Assets.xcassets */ = {isa = PBXFileReference; lastKnownFileType = folder.assetcatalog; path = Assets.xcassets; sourceTree = "<group>"; };
		56954E852BBEDC00002FC8D0 /* Base */ = {isa = PBXFileReference; lastKnownFileType = file.storyboard; name = Base; path = Base.lproj/LaunchScreen.storyboard; sourceTree = "<group>"; };
		56954E872BBEDC00002FC8D0 /* Info.plist */ = {isa = PBXFileReference; lastKnownFileType = text.plist.xml; path = Info.plist; sourceTree = "<group>"; };
		56954E8C2BBEDC00002FC8D0 /* SportsbookTests.xctest */ = {isa = PBXFileReference; explicitFileType = wrapper.cfbundle; includeInIndex = 0; path = SportsbookTests.xctest; sourceTree = BUILT_PRODUCTS_DIR; };
		56954E902BBEDC00002FC8D0 /* SportsbookTests.swift */ = {isa = PBXFileReference; lastKnownFileType = sourcecode.swift; path = SportsbookTests.swift; sourceTree = "<group>"; };
		56954E962BBEDC00002FC8D0 /* SportsbookUITests.xctest */ = {isa = PBXFileReference; explicitFileType = wrapper.cfbundle; includeInIndex = 0; path = SportsbookUITests.xctest; sourceTree = BUILT_PRODUCTS_DIR; };
		56954E9A2BBEDC00002FC8D0 /* SportsbookUITests.swift */ = {isa = PBXFileReference; lastKnownFileType = sourcecode.swift; path = SportsbookUITests.swift; sourceTree = "<group>"; };
		56954E9C2BBEDC00002FC8D0 /* SportsbookUITestsLaunchTests.swift */ = {isa = PBXFileReference; lastKnownFileType = sourcecode.swift; path = SportsbookUITestsLaunchTests.swift; sourceTree = "<group>"; };
/* End PBXFileReference section */

/* Begin PBXFrameworksBuildPhase section */
		56954E732BBEDBFF002FC8D0 /* Frameworks */ = {
			isa = PBXFrameworksBuildPhase;
			buildActionMask = 2147483647;
			files = (
			);
			runOnlyForDeploymentPostprocessing = 0;
		};
		56954E892BBEDC00002FC8D0 /* Frameworks */ = {
			isa = PBXFrameworksBuildPhase;
			buildActionMask = 2147483647;
			files = (
			);
			runOnlyForDeploymentPostprocessing = 0;
		};
		56954E932BBEDC00002FC8D0 /* Frameworks */ = {
			isa = PBXFrameworksBuildPhase;
			buildActionMask = 2147483647;
			files = (
			);
			runOnlyForDeploymentPostprocessing = 0;
		};
/* End PBXFrameworksBuildPhase section */

/* Begin PBXGroup section */
		56954E6D2BBEDBFF002FC8D0 = {
			isa = PBXGroup;
			children = (
				56954E782BBEDBFF002FC8D0 /* Sportsbook */,
				56954E8F2BBEDC00002FC8D0 /* SportsbookTests */,
				56954E992BBEDC00002FC8D0 /* SportsbookUITests */,
				56954E772BBEDBFF002FC8D0 /* Products */,
			);
			sourceTree = "<group>";
		};
		56954E772BBEDBFF002FC8D0 /* Products */ = {
			isa = PBXGroup;
			children = (
				56954E762BBEDBFF002FC8D0 /* Sportsbook.app */,
				56954E8C2BBEDC00002FC8D0 /* SportsbookTests.xctest */,
				56954E962BBEDC00002FC8D0 /* SportsbookUITests.xctest */,
			);
			name = Products;
			sourceTree = "<group>";
		};
		56954E782BBEDBFF002FC8D0 /* Sportsbook */ = {
			isa = PBXGroup;
			children = (
				56954E792BBEDBFF002FC8D0 /* AppDelegate.swift */,
				56954E7B2BBEDBFF002FC8D0 /* SceneDelegate.swift */,
				56954E7D2BBEDBFF002FC8D0 /* ViewController.swift */,
				56954E7F2BBEDBFF002FC8D0 /* Main.storyboard */,
				56954E822BBEDC00002FC8D0 /* Assets.xcassets */,
				56954E842BBEDC00002FC8D0 /* LaunchScreen.storyboard */,
				56954E872BBEDC00002FC8D0 /* Info.plist */,
			);
			path = Sportsbook;
			sourceTree = "<group>";
		};
		56954E8F2BBEDC00002FC8D0 /* SportsbookTests */ = {
			isa = PBXGroup;
			children = (
				56954E902BBEDC00002FC8D0 /* SportsbookTests.swift */,
			);
			path = SportsbookTests;
			sourceTree = "<group>";
		};
		56954E992BBEDC00002FC8D0 /* SportsbookUITests */ = {
			isa = PBXGroup;
			children = (
				56954E9A2BBEDC00002FC8D0 /* SportsbookUITests.swift */,
				56954E9C2BBEDC00002FC8D0 /* SportsbookUITestsLaunchTests.swift */,
			);
			path = SportsbookUITests;
			sourceTree = "<group>";
		};
/* End PBXGroup section */

/* Begin PBXNativeTarget section */
		56954E752BBEDBFF002FC8D0 /* Sportsbook */ = {
			isa = PBXNativeTarget;
			buildConfigurationList = 56954EA02BBEDC00002FC8D0 /* Build configuration list for PBXNativeTarget "Sportsbook" */;
			buildPhases = (
				56954E722BBEDBFF002FC8D0 /* Sources */,
				56954E732BBEDBFF002FC8D0 /* Frameworks */,
				56954E742BBEDBFF002FC8D0 /* Resources */,
			);
			buildRules = (
			);
			dependencies = (
			);
			name = Sportsbook;
			productName = Sportsbook;
			productReference = 56954E762BBEDBFF002FC8D0 /* Sportsbook.app */;
			productType = "com.apple.product-type.application";
		};
		56954E8B2BBEDC00002FC8D0 /* SportsbookTests */ = {
			isa = PBXNativeTarget;
			buildConfigurationList = 56954EA32BBEDC00002FC8D0 /* Build configuration list for PBXNativeTarget "SportsbookTests" */;
			buildPhases = (
				56954E882BBEDC00002FC8D0 /* Sources */,
				56954E892BBEDC00002FC8D0 /* Frameworks */,
				56954E8A2BBEDC00002FC8D0 /* Resources */,
			);
			buildRules = (
			);
			dependencies = (
				56954E8E2BBEDC00002FC8D0 /* PBXTargetDependency */,
			);
			name = SportsbookTests;
			productName = SportsbookTests;
			productReference = 56954E8C2BBEDC00002FC8D0 /* SportsbookTests.xctest */;
			productType = "com.apple.product-type.bundle.unit-test";
		};
		56954E952BBEDC00002FC8D0 /* SportsbookUITests */ = {
			isa = PBXNativeTarget;
			buildConfigurationList = 56954EA62BBEDC00002FC8D0 /* Build configuration list for PBXNativeTarget "SportsbookUITests" */;
			buildPhases = (
				56954E922BBEDC00002FC8D0 /* Sources */,
				56954E932BBEDC00002FC8D0 /* Frameworks */,
				56954E942BBEDC00002FC8D0 /* Resources */,
			);
			buildRules = (
			);
			dependencies = (
				56954E982BBEDC00002FC8D0 /* PBXTargetDependency */,
			);
			name = SportsbookUITests;
			productName = SportsbookUITests;
			productReference = 56954E962BBEDC00002FC8D0 /* SportsbookUITests.xctest */;
			productType = "com.apple.product-type.bundle.ui-testing";
		};
/* End PBXNativeTarget section */

/* Begin PBXProject section */
		56954E6E2BBEDBFF002FC8D0 /* Project object */ = {
			isa = PBXProject;
			attributes = {
				BuildIndependentTargetsInParallel = 1;
				LastSwiftUpdateCheck = 1500;
				LastUpgradeCheck = 1500;
				TargetAttributes = {
					56954E752BBEDBFF002FC8D0 = {
						CreatedOnToolsVersion = 15.0.1;
					};
					56954E8B2BBEDC00002FC8D0 = {
						CreatedOnToolsVersion = 15.0.1;
						TestTargetID = 56954E752BBEDBFF002FC8D0;
					};
					56954E952BBEDC00002FC8D0 = {
						CreatedOnToolsVersion = 15.0.1;
						TestTargetID = 56954E752BBEDBFF002FC8D0;
					};
				};
			};
			buildConfigurationList = 56954E712BBEDBFF002FC8D0 /* Build configuration list for PBXProject "Sportsbook" */;
			compatibilityVersion = "Xcode 14.0";
			developmentRegion = en;
			hasScannedForEncodings = 0;
			knownRegions = (
				en,
				Base,
			);
			mainGroup = 56954E6D2BBEDBFF002FC8D0;
			productRefGroup = 56954E772BBEDBFF002FC8D0 /* Products */;
			projectDirPath = "";
			projectRoot = "";
			targets = (
				56954E752BBEDBFF002FC8D0 /* Sportsbook */,
				56954E8B2BBEDC00002FC8D0 /* SportsbookTests */,
				56954E952BBEDC00002FC8D0 /* SportsbookUITests */,
			);
		};
/* End PBXProject section */

/* Begin PBXResourcesBuildPhase section */
		56954E742BBEDBFF002FC8D0 /* Resources */ = {
			isa = PBXResourcesBuildPhase;
			buildActionMask = 2147483647;
			files = (
				56954E862BBEDC00002FC8D0 /* LaunchScreen.storyboard in Resources */,
				56954E832BBEDC00002FC8D0 /* Assets.xcassets in Resources */,
				56954E812BBEDBFF002FC8D0 /* Main.storyboard in Resources */,
			);
			runOnlyForDeploymentPostprocessing = 0;
		};
		56954E8A2BBEDC00002FC8D0 /* Resources */ = {
			isa = PBXResourcesBuildPhase;
			buildActionMask = 2147483647;
			files = (
			);
			runOnlyForDeploymentPostprocessing = 0;
		};
		56954E942BBEDC00002FC8D0 /* Resources */ = {
			isa = PBXResourcesBuildPhase;
			buildActionMask = 2147483647;
			files = (
			);
			runOnlyForDeploymentPostprocessing = 0;
		};
/* End PBXResourcesBuildPhase section */

/* Begin PBXSourcesBuildPhase section */
		56954E722BBEDBFF002FC8D0 /* Sources */ = {
			isa = PBXSourcesBuildPhase;
			buildActionMask = 2147483647;
			files = (
				56954E7E2BBEDBFF002FC8D0 /* ViewController.swift in Sources */,
				56954E7A2BBEDBFF002FC8D0 /* AppDelegate.swift in Sources */,
				56954E7C2BBEDBFF002FC8D0 /* SceneDelegate.swift in Sources */,
			);
			runOnlyForDeploymentPostprocessing = 0;
		};
		56954E882BBEDC00002FC8D0 /* Sources */ = {
			isa = PBXSourcesBuildPhase;
			buildActionMask = 2147483647;
			files = (
				56954E912BBEDC00002FC8D0 /* SportsbookTests.swift in Sources */,
			);
			runOnlyForDeploymentPostprocessing = 0;
		};
		56954E922BBEDC00002FC8D0 /* Sources */ = {
			isa = PBXSourcesBuildPhase;
			buildActionMask = 2147483647;
			files = (
				56954E9D2BBEDC00002FC8D0 /* SportsbookUITestsLaunchTests.swift in Sources */,
				56954E9B2BBEDC00002FC8D0 /* SportsbookUITests.swift in Sources */,
			);
			runOnlyForDeploymentPostprocessing = 0;
		};
/* End PBXSourcesBuildPhase section */

/* Begin PBXTargetDependency section */
		56954E8E2BBEDC00002FC8D0 /* PBXTargetDependency */ = {
			isa = PBXTargetDependency;
			target = 56954E752BBEDBFF002FC8D0 /* Sportsbook */;
			targetProxy = 56954E8D2BBEDC00002FC8D0 /* PBXContainerItemProxy */;
		};
		56954E982BBEDC00002FC8D0 /* PBXTargetDependency */ = {
			isa = PBXTargetDependency;
			target = 56954E752BBEDBFF002FC8D0 /* Sportsbook */;
			targetProxy = 56954E972BBEDC00002FC8D0 /* PBXContainerItemProxy */;
		};
/* End PBXTargetDependency section */

/* Begin PBXVariantGroup section */
		56954E7F2BBEDBFF002FC8D0 /* Main.storyboard */ = {
			isa = PBXVariantGroup;
			children = (
				56954E802BBEDBFF002FC8D0 /* Base */,
			);
			name = Main.storyboard;
			sourceTree = "<group>";
		};
		56954E842BBEDC00002FC8D0 /* LaunchScreen.storyboard */ = {
			isa = PBXVariantGroup;
			children = (
				56954E852BBEDC00002FC8D0 /* Base */,
			);
			name = LaunchScreen.storyboard;
			sourceTree = "<group>";
		};
/* End PBXVariantGroup section */

/* Begin XCBuildConfiguration section */
		56954E9E2BBEDC00002FC8D0 /* Debug */ = {
			isa = XCBuildConfiguration;
			buildSettings = {
				ALWAYS_SEARCH_USER_PATHS = NO;
				ASSETCATALOG_COMPILER_GENERATE_SWIFT_ASSET_SYMBOL_EXTENSIONS = YES;
				CLANG_ANALYZER_NONNULL = YES;
				CLANG_ANALYZER_NUMBER_OBJECT_CONVERSION = YES_AGGRESSIVE;
				CLANG_CXX_LANGUAGE_STANDARD = "gnu++20";
				CLANG_ENABLE_MODULES = YES;
				CLANG_ENABLE_OBJC_ARC = YES;
				CLANG_ENABLE_OBJC_WEAK = YES;
				CLANG_WARN_BLOCK_CAPTURE_AUTORELEASING = YES;
				CLANG_WARN_BOOL_CONVERSION = YES;
				CLANG_WARN_COMMA = YES;
				CLANG_WARN_CONSTANT_CONVERSION = YES;
				CLANG_WARN_DEPRECATED_OBJC_IMPLEMENTATIONS = YES;
				CLANG_WARN_DIRECT_OBJC_ISA_USAGE = YES_ERROR;
				CLANG_WARN_DOCUMENTATION_COMMENTS = YES;
				CLANG_WARN_EMPTY_BODY = YES;
				CLANG_WARN_ENUM_CONVERSION = YES;
				CLANG_WARN_INFINITE_RECURSION = YES;
				CLANG_WARN_INT_CONVERSION = YES;
				CLANG_WARN_NON_LITERAL_NULL_CONVERSION = YES;
				CLANG_WARN_OBJC_IMPLICIT_RETAIN_SELF = YES;
				CLANG_WARN_OBJC_LITERAL_CONVERSION = YES;
				CLANG_WARN_OBJC_ROOT_CLASS = YES_ERROR;
				CLANG_WARN_QUOTED_INCLUDE_IN_FRAMEWORK_HEADER = YES;
				CLANG_WARN_RANGE_LOOP_ANALYSIS = YES;
				CLANG_WARN_STRICT_PROTOTYPES = YES;
				CLANG_WARN_SUSPICIOUS_MOVE = YES;
				CLANG_WARN_UNGUARDED_AVAILABILITY = YES_AGGRESSIVE;
				CLANG_WARN_UNREACHABLE_CODE = YES;
				CLANG_WARN__DUPLICATE_METHOD_MATCH = YES;
				COPY_PHASE_STRIP = NO;
				DEBUG_INFORMATION_FORMAT = dwarf;
				ENABLE_STRICT_OBJC_MSGSEND = YES;
				ENABLE_TESTABILITY = YES;
				ENABLE_USER_SCRIPT_SANDBOXING = YES;
				GCC_C_LANGUAGE_STANDARD = gnu17;
				GCC_DYNAMIC_NO_PIC = NO;
				GCC_NO_COMMON_BLOCKS = YES;
				GCC_OPTIMIZATION_LEVEL = 0;
				GCC_PREPROCESSOR_DEFINITIONS = (
					"DEBUG=1",
					"$(inherited)",
				);
				GCC_WARN_64_TO_32_BIT_CONVERSION = YES;
				GCC_WARN_ABOUT_RETURN_TYPE = YES_ERROR;
				GCC_WARN_UNDECLARED_SELECTOR = YES;
				GCC_WARN_UNINITIALIZED_AUTOS = YES_AGGRESSIVE;
				GCC_WARN_UNUSED_FUNCTION = YES;
				GCC_WARN_UNUSED_VARIABLE = YES;
				IPHONEOS_DEPLOYMENT_TARGET = 17.0;
				LOCALIZATION_PREFERS_STRING_CATALOGS = YES;
				MTL_ENABLE_DEBUG_INFO = INCLUDE_SOURCE;
				MTL_FAST_MATH = YES;
				ONLY_ACTIVE_ARCH = YES;
				SDKROOT = iphoneos;
				SWIFT_ACTIVE_COMPILATION_CONDITIONS = "DEBUG $(inherited)";
				SWIFT_OPTIMIZATION_LEVEL = "-Onone";
			};
			name = Debug;
		};
		56954E9F2BBEDC00002FC8D0 /* Release */ = {
			isa = XCBuildConfiguration;
			buildSettings = {
				ALWAYS_SEARCH_USER_PATHS = NO;
				ASSETCATALOG_COMPILER_GENERATE_SWIFT_ASSET_SYMBOL_EXTENSIONS = YES;
				CLANG_ANALYZER_NONNULL = YES;
				CLANG_ANALYZER_NUMBER_OBJECT_CONVERSION = YES_AGGRESSIVE;
				CLANG_CXX_LANGUAGE_STANDARD = "gnu++20";
				CLANG_ENABLE_MODULES = YES;
				CLANG_ENABLE_OBJC_ARC = YES;
				CLANG_ENABLE_OBJC_WEAK = YES;
				CLANG_WARN_BLOCK_CAPTURE_AUTORELEASING = YES;
				CLANG_WARN_BOOL_CONVERSION = YES;
				CLANG_WARN_COMMA = YES;
				CLANG_WARN_CONSTANT_CONVERSION = YES;
				CLANG_WARN_DEPRECATED_OBJC_IMPLEMENTATIONS = YES;
				CLANG_WARN_DIRECT_OBJC_ISA_USAGE = YES_ERROR;
				CLANG_WARN_DOCUMENTATION_COMMENTS = YES;
				CLANG_WARN_EMPTY_BODY = YES;
				CLANG_WARN_ENUM_CONVERSION = YES;
				CLANG_WARN_INFINITE_RECURSION = YES;
				CLANG_WARN_INT_CONVERSION = YES;
				CLANG_WARN_NON_LITERAL_NULL_CONVERSION = YES;
				CLANG_WARN_OBJC_IMPLICIT_RETAIN_SELF = YES;
				CLANG_WARN_OBJC_LITERAL_CONVERSION = YES;
				CLANG_WARN_OBJC_ROOT_CLASS = YES_ERROR;
				CLANG_WARN_QUOTED_INCLUDE_IN_FRAMEWORK_HEADER = YES;
				CLANG_WARN_RANGE_LOOP_ANALYSIS = YES;
				CLANG_WARN_STRICT_PROTOTYPES = YES;
				CLANG_WARN_SUSPICIOUS_MOVE = YES;
				CLANG_WARN_UNGUARDED_AVAILABILITY = YES_AGGRESSIVE;
				CLANG_WARN_UNREACHABLE_CODE = YES;
				CLANG_WARN__DUPLICATE_METHOD_MATCH = YES;
				COPY_PHASE_STRIP = NO;
				DEBUG_INFORMATION_FORMAT = "dwarf-with-dsym";
				ENABLE_NS_ASSERTIONS = NO;
				ENABLE_STRICT_OBJC_MSGSEND = YES;
				ENABLE_USER_SCRIPT_SANDBOXING = YES;
				GCC_C_LANGUAGE_STANDARD = gnu17;
				GCC_NO_COMMON_BLOCKS = YES;
				GCC_WARN_64_TO_32_BIT_CONVERSION = YES;
				GCC_WARN_ABOUT_RETURN_TYPE = YES_ERROR;
				GCC_WARN_UNDECLARED_SELECTOR = YES;
				GCC_WARN_UNINITIALIZED_AUTOS = YES_AGGRESSIVE;
				GCC_WARN_UNUSED_FUNCTION = YES;
				GCC_WARN_UNUSED_VARIABLE = YES;
				IPHONEOS_DEPLOYMENT_TARGET = 17.0;
				LOCALIZATION_PREFERS_STRING_CATALOGS = YES;
				MTL_ENABLE_DEBUG_INFO = NO;
				MTL_FAST_MATH = YES;
				SDKROOT = iphoneos;
				SWIFT_COMPILATION_MODE = wholemodule;
				VALIDATE_PRODUCT = YES;
			};
			name = Release;
		};
		56954EA12BBEDC00002FC8D0 /* Debug */ = {
			isa = XCBuildConfiguration;
			buildSettings = {
				ASSETCATALOG_COMPILER_APPICON_NAME = AppIcon;
				ASSETCATALOG_COMPILER_GLOBAL_ACCENT_COLOR_NAME = AccentColor;
				CODE_SIGN_STYLE = Automatic;
				CURRENT_PROJECT_VERSION = 1;
				GENERATE_INFOPLIST_FILE = YES;
				INFOPLIST_FILE = Sportsbook/Info.plist;
				INFOPLIST_KEY_UIApplicationSupportsIndirectInputEvents = YES;
				INFOPLIST_KEY_UILaunchStoryboardName = LaunchScreen;
				INFOPLIST_KEY_UIMainStoryboardFile = Main;
				INFOPLIST_KEY_UISupportedInterfaceOrientations_iPad = "UIInterfaceOrientationPortrait UIInterfaceOrientationPortraitUpsideDown UIInterfaceOrientationLandscapeLeft UIInterfaceOrientationLandscapeRight";
				INFOPLIST_KEY_UISupportedInterfaceOrientations_iPhone = "UIInterfaceOrientationPortrait UIInterfaceOrientationLandscapeLeft UIInterfaceOrientationLandscapeRight";
				LD_RUNPATH_SEARCH_PATHS = (
					"$(inherited)",
					"@executable_path/Frameworks",
				);
				MARKETING_VERSION = 1.0;
				PRODUCT_BUNDLE_IDENTIFIER = com.vkalchev.Sportsbook;
				PRODUCT_NAME = "$(TARGET_NAME)";
				SWIFT_EMIT_LOC_STRINGS = YES;
				SWIFT_VERSION = 5.0;
				TARGETED_DEVICE_FAMILY = "1,2";
			};
			name = Debug;
		};
		56954EA22BBEDC00002FC8D0 /* Release */ = {
			isa = XCBuildConfiguration;
			buildSettings = {
				ASSETCATALOG_COMPILER_APPICON_NAME = AppIcon;
				ASSETCATALOG_COMPILER_GLOBAL_ACCENT_COLOR_NAME = AccentColor;
				CODE_SIGN_STYLE = Automatic;
				CURRENT_PROJECT_VERSION = 1;
				GENERATE_INFOPLIST_FILE = YES;
				INFOPLIST_FILE = Sportsbook/Info.plist;
				INFOPLIST_KEY_UIApplicationSupportsIndirectInputEvents = YES;
				INFOPLIST_KEY_UILaunchStoryboardName = LaunchScreen;
				INFOPLIST_KEY_UIMainStoryboardFile = Main;
				INFOPLIST_KEY_UISupportedInterfaceOrientations_iPad = "UIInterfaceOrientationPortrait UIInterfaceOrientationPortraitUpsideDown UIInterfaceOrientationLandscapeLeft UIInterfaceOrientationLandscapeRight";
				INFOPLIST_KEY_UISupportedInterfaceOrientations_iPhone = "UIInterfaceOrientationPortrait UIInterfaceOrientationLandscapeLeft UIInterfaceOrientationLandscapeRight";
				LD_RUNPATH_SEARCH_PATHS = (
					"$(inherited)",
					"@executable_path/Frameworks",
				);
				MARKETING_VERSION = 1.0;
				PRODUCT_BUNDLE_IDENTIFIER = com.vkalchev.Sportsbook;
				PRODUCT_NAME = "$(TARGET_NAME)";
				SWIFT_EMIT_LOC_STRINGS = YES;
				SWIFT_VERSION = 5.0;
				TARGETED_DEVICE_FAMILY = "1,2";
			};
			name = Release;
		};
		56954EA42BBEDC00002FC8D0 /* Debug */ = {
			isa = XCBuildConfiguration;
			buildSettings = {
				ALWAYS_EMBED_SWIFT_STANDARD_LIBRARIES = YES;
				BUNDLE_LOADER = "$(TEST_HOST)";
				CODE_SIGN_STYLE = Automatic;
				CURRENT_PROJECT_VERSION = 1;
				GENERATE_INFOPLIST_FILE = YES;
				IPHONEOS_DEPLOYMENT_TARGET = 17.0;
				MARKETING_VERSION = 1.0;
				PRODUCT_BUNDLE_IDENTIFIER = com.vkalchev.SportsbookTests;
				PRODUCT_NAME = "$(TARGET_NAME)";
				SWIFT_EMIT_LOC_STRINGS = NO;
				SWIFT_VERSION = 5.0;
				TARGETED_DEVICE_FAMILY = "1,2";
				TEST_HOST = "$(BUILT_PRODUCTS_DIR)/Sportsbook.app/$(BUNDLE_EXECUTABLE_FOLDER_PATH)/Sportsbook";
			};
			name = Debug;
		};
		56954EA52BBEDC00002FC8D0 /* Release */ = {
			isa = XCBuildConfiguration;
			buildSettings = {
				ALWAYS_EMBED_SWIFT_STANDARD_LIBRARIES = YES;
				BUNDLE_LOADER = "$(TEST_HOST)";
				CODE_SIGN_STYLE = Automatic;
				CURRENT_PROJECT_VERSION = 1;
				GENERATE_INFOPLIST_FILE = YES;
				IPHONEOS_DEPLOYMENT_TARGET = 17.0;
				MARKETING_VERSION = 1.0;
				PRODUCT_BUNDLE_IDENTIFIER = com.vkalchev.SportsbookTests;
				PRODUCT_NAME = "$(TARGET_NAME)";
				SWIFT_EMIT_LOC_STRINGS = NO;
				SWIFT_VERSION = 5.0;
				TARGETED_DEVICE_FAMILY = "1,2";
				TEST_HOST = "$(BUILT_PRODUCTS_DIR)/Sportsbook.app/$(BUNDLE_EXECUTABLE_FOLDER_PATH)/Sportsbook";
			};
			name = Release;
		};
		56954EA72BBEDC00002FC8D0 /* Debug */ = {
			isa = XCBuildConfiguration;
			buildSettings = {
				ALWAYS_EMBED_SWIFT_STANDARD_LIBRARIES = YES;
				CODE_SIGN_STYLE = Automatic;
				CURRENT_PROJECT_VERSION = 1;
				GENERATE_INFOPLIST_FILE = YES;
				MARKETING_VERSION = 1.0;
				PRODUCT_BUNDLE_IDENTIFIER = com.vkalchev.SportsbookUITests;
				PRODUCT_NAME = "$(TARGET_NAME)";
				SWIFT_EMIT_LOC_STRINGS = NO;
				SWIFT_VERSION = 5.0;
				TARGETED_DEVICE_FAMILY = "1,2";
				TEST_TARGET_NAME = Sportsbook;
			};
			name = Debug;
		};
		56954EA82BBEDC00002FC8D0 /* Release */ = {
			isa = XCBuildConfiguration;
			buildSettings = {
				ALWAYS_EMBED_SWIFT_STANDARD_LIBRARIES = YES;
				CODE_SIGN_STYLE = Automatic;
				CURRENT_PROJECT_VERSION = 1;
				GENERATE_INFOPLIST_FILE = YES;
				MARKETING_VERSION = 1.0;
				PRODUCT_BUNDLE_IDENTIFIER = com.vkalchev.SportsbookUITests;
				PRODUCT_NAME = "$(TARGET_NAME)";
				SWIFT_EMIT_LOC_STRINGS = NO;
				SWIFT_VERSION = 5.0;
				TARGETED_DEVICE_FAMILY = "1,2";
				TEST_TARGET_NAME = Sportsbook;
			};
			name = Release;
		};
/* End XCBuildConfiguration section */

/* Begin XCConfigurationList section */
		56954E712BBEDBFF002FC8D0 /* Build configuration list for PBXProject "Sportsbook" */ = {
			isa = XCConfigurationList;
			buildConfigurations = (
				56954E9E2BBEDC00002FC8D0 /* Debug */,
				56954E9F2BBEDC00002FC8D0 /* Release */,
			);
			defaultConfigurationIsVisible = 0;
			defaultConfigurationName = Release;
		};
		56954EA02BBEDC00002FC8D0 /* Build configuration list for PBXNativeTarget "Sportsbook" */ = {
			isa = XCConfigurationList;
			buildConfigurations = (
				56954EA12BBEDC00002FC8D0 /* Debug */,
				56954EA22BBEDC00002FC8D0 /* Release */,
			);
			defaultConfigurationIsVisible = 0;
			defaultConfigurationName = Release;
		};
		56954EA32BBEDC00002FC8D0 /* Build configuration list for PBXNativeTarget "SportsbookTests" */ = {
			isa = XCConfigurationList;
			buildConfigurations = (
				56954EA42BBEDC00002FC8D0 /* Debug */,
				56954EA52BBEDC00002FC8D0 /* Release */,
			);
			defaultConfigurationIsVisible = 0;
			defaultConfigurationName = Release;
		};
		56954EA62BBEDC00002FC8D0 /* Build configuration list for PBXNativeTarget "SportsbookUITests" */ = {
			isa = XCConfigurationList;
			buildConfigurations = (
				56954EA72BBEDC00002FC8D0 /* Debug */,
				56954EA82BBEDC00002FC8D0 /* Release */,
			);
			defaultConfigurationIsVisible = 0;
			defaultConfigurationName = Release;
		};
/* End XCConfigurationList section */
	};
	rootObject = 56954E6E2BBEDBFF002FC8D0 /* Project object */;
}
