// !$*UTF8*$!
{
	archiveVersion = 1;
	classes = {
	};
	objectVersion = 56;
	objects = {

/* Begin PBXBuildFile section */
		564A1EF92BC706F00012A49B /* SportMarketsAndEventsRequest.swift in Sources */ = {isa = PBXBuildFile; fileRef = 564A1EF82BC706F00012A49B /* SportMarketsAndEventsRequest.swift */; };
		564A1EFA2BC706F00012A49B /* SportMarketsAndEventsRequest.swift in Sources */ = {isa = PBXBuildFile; fileRef = 564A1EF82BC706F00012A49B /* SportMarketsAndEventsRequest.swift */; };
		564A1EFC2BC707E90012A49B /* EventPrimaryMarketAggregateModel.swift in Sources */ = {isa = PBXBuildFile; fileRef = 564A1EFB2BC707E90012A49B /* EventPrimaryMarketAggregateModel.swift */; };
		564A1EFD2BC707E90012A49B /* EventPrimaryMarketAggregateModel.swift in Sources */ = {isa = PBXBuildFile; fileRef = 564A1EFB2BC707E90012A49B /* EventPrimaryMarketAggregateModel.swift */; };
		564A1EFF2BC708180012A49B /* MarketModel.swift in Sources */ = {isa = PBXBuildFile; fileRef = 564A1EFE2BC708180012A49B /* MarketModel.swift */; };
		564A1F002BC708180012A49B /* MarketModel.swift in Sources */ = {isa = PBXBuildFile; fileRef = 564A1EFE2BC708180012A49B /* MarketModel.swift */; };
		564A1F022BC708470012A49B /* RunnerModel.swift in Sources */ = {isa = PBXBuildFile; fileRef = 564A1F012BC708470012A49B /* RunnerModel.swift */; };
		564A1F032BC708470012A49B /* RunnerModel.swift in Sources */ = {isa = PBXBuildFile; fileRef = 564A1F012BC708470012A49B /* RunnerModel.swift */; };
		564A1F052BC709550012A49B /* MarketType.swift in Sources */ = {isa = PBXBuildFile; fileRef = 564A1F042BC709550012A49B /* MarketType.swift */; };
		564A1F062BC709550012A49B /* MarketType.swift in Sources */ = {isa = PBXBuildFile; fileRef = 564A1F042BC709550012A49B /* MarketType.swift */; };
		564A1F082BC709A00012A49B /* OddsModel.swift in Sources */ = {isa = PBXBuildFile; fileRef = 564A1F072BC709A00012A49B /* OddsModel.swift */; };
		564A1F092BC709A00012A49B /* OddsModel.swift in Sources */ = {isa = PBXBuildFile; fileRef = 564A1F072BC709A00012A49B /* OddsModel.swift */; };
		564A1F0B2BC7C6740012A49B /* SportDetailsViewModel.swift in Sources */ = {isa = PBXBuildFile; fileRef = 564A1F0A2BC7C6740012A49B /* SportDetailsViewModel.swift */; };
		564A1F0C2BC7C6740012A49B /* SportDetailsViewModel.swift in Sources */ = {isa = PBXBuildFile; fileRef = 564A1F0A2BC7C6740012A49B /* SportDetailsViewModel.swift */; };
		564A1F0F2BC7C78A0012A49B /* CollectionExtension.swift in Sources */ = {isa = PBXBuildFile; fileRef = 564A1F0E2BC7C78A0012A49B /* CollectionExtension.swift */; };
		564A1F102BC7C78A0012A49B /* CollectionExtension.swift in Sources */ = {isa = PBXBuildFile; fileRef = 564A1F0E2BC7C78A0012A49B /* CollectionExtension.swift */; };
		564A1F132BC9A7540012A49B /* BaseViewController.swift in Sources */ = {isa = PBXBuildFile; fileRef = 564A1F122BC9A7540012A49B /* BaseViewController.swift */; };
		564A1F142BC9A7540012A49B /* BaseViewController.swift in Sources */ = {isa = PBXBuildFile; fileRef = 564A1F122BC9A7540012A49B /* BaseViewController.swift */; };
		564A1F172BC9BD320012A49B /* SportsEventMarketSectionModel.swift in Sources */ = {isa = PBXBuildFile; fileRef = 564A1F162BC9BD320012A49B /* SportsEventMarketSectionModel.swift */; };
		564A1F182BC9BD320012A49B /* SportsEventMarketSectionModel.swift in Sources */ = {isa = PBXBuildFile; fileRef = 564A1F162BC9BD320012A49B /* SportsEventMarketSectionModel.swift */; };
		564A1F1A2BC9C12D0012A49B /* APIError.swift in Sources */ = {isa = PBXBuildFile; fileRef = 564A1F192BC9C12D0012A49B /* APIError.swift */; };
		564A1F1B2BC9C12D0012A49B /* APIError.swift in Sources */ = {isa = PBXBuildFile; fileRef = 564A1F192BC9C12D0012A49B /* APIError.swift */; };
		565661232BCC15B4000B2EC3 /* SportsCatalogueViewController.swift in Sources */ = {isa = PBXBuildFile; fileRef = 565661212BCC15B4000B2EC3 /* SportsCatalogueViewController.swift */; };
		565661242BCC15B4000B2EC3 /* SportsCatalogueViewController.xib in Resources */ = {isa = PBXBuildFile; fileRef = 565661222BCC15B4000B2EC3 /* SportsCatalogueViewController.xib */; };
		56596CA32BCADD7C00AD4890 /* SeparatorView.swift in Sources */ = {isa = PBXBuildFile; fileRef = 56596CA22BCADD7C00AD4890 /* SeparatorView.swift */; };
		56596CA72BCBF01500AD4890 /* SportsCatalogueViewModel.swift in Sources */ = {isa = PBXBuildFile; fileRef = 56596CA62BCBF01500AD4890 /* SportsCatalogueViewModel.swift */; };
		56596CA92BCBFCFC00AD4890 /* MainCoordinator.swift in Sources */ = {isa = PBXBuildFile; fileRef = 56596CA82BCBFCFC00AD4890 /* MainCoordinator.swift */; };
		5682C4652BC123D20093998D /* CatalogTableViewCell.swift in Sources */ = {isa = PBXBuildFile; fileRef = 5682C4632BC123D20093998D /* CatalogTableViewCell.swift */; };
		5682C4662BC123D20093998D /* CatalogTableViewCell.xib in Resources */ = {isa = PBXBuildFile; fileRef = 5682C4642BC123D20093998D /* CatalogTableViewCell.xib */; };
		5682C46B2BC129190093998D /* SportDetailsViewController.swift in Sources */ = {isa = PBXBuildFile; fileRef = 5682C4692BC129190093998D /* SportDetailsViewController.swift */; };
		5682C46C2BC129190093998D /* SportDetailsViewController.xib in Resources */ = {isa = PBXBuildFile; fileRef = 5682C46A2BC129190093998D /* SportDetailsViewController.xib */; };
		5682C46F2BC129A00093998D /* SportDetailsTableViewCell.swift in Sources */ = {isa = PBXBuildFile; fileRef = 5682C46D2BC129A00093998D /* SportDetailsTableViewCell.swift */; };
		5682C4702BC129A00093998D /* SportDetailsTableViewCell.xib in Resources */ = {isa = PBXBuildFile; fileRef = 5682C46E2BC129A00093998D /* SportDetailsTableViewCell.xib */; };
		5682C4722BC17AD70093998D /* CardView.swift in Sources */ = {isa = PBXBuildFile; fileRef = 5682C4712BC17AD70093998D /* CardView.swift */; };
		5682C4742BC17AE00093998D /* CardView.xib in Resources */ = {isa = PBXBuildFile; fileRef = 5682C4732BC17AE00093998D /* CardView.xib */; };
		56954E7A2BBEDBFF002FC8D0 /* AppDelegate.swift in Sources */ = {isa = PBXBuildFile; fileRef = 56954E792BBEDBFF002FC8D0 /* AppDelegate.swift */; };
		56954E7C2BBEDBFF002FC8D0 /* SceneDelegate.swift in Sources */ = {isa = PBXBuildFile; fileRef = 56954E7B2BBEDBFF002FC8D0 /* SceneDelegate.swift */; };
		56954E832BBEDC00002FC8D0 /* Assets.xcassets in Resources */ = {isa = PBXBuildFile; fileRef = 56954E822BBEDC00002FC8D0 /* Assets.xcassets */; };
		56954E862BBEDC00002FC8D0 /* LaunchScreen.storyboard in Resources */ = {isa = PBXBuildFile; fileRef = 56954E842BBEDC00002FC8D0 /* LaunchScreen.storyboard */; };
		56954E912BBEDC00002FC8D0 /* SportsbookTests.swift in Sources */ = {isa = PBXBuildFile; fileRef = 56954E902BBEDC00002FC8D0 /* SportsbookTests.swift */; };
		56954E9B2BBEDC00002FC8D0 /* SportsbookUITests.swift in Sources */ = {isa = PBXBuildFile; fileRef = 56954E9A2BBEDC00002FC8D0 /* SportsbookUITests.swift */; };
		56954E9D2BBEDC00002FC8D0 /* SportsbookUITestsLaunchTests.swift in Sources */ = {isa = PBXBuildFile; fileRef = 56954E9C2BBEDC00002FC8D0 /* SportsbookUITestsLaunchTests.swift */; };
		56954EAB2BBF0A19002FC8D0 /* APIRequest.swift in Sources */ = {isa = PBXBuildFile; fileRef = 56954EAA2BBF0A19002FC8D0 /* APIRequest.swift */; };
		56954EAD2BBF1949002FC8D0 /* APIManager.swift in Sources */ = {isa = PBXBuildFile; fileRef = 56954EAC2BBF1949002FC8D0 /* APIManager.swift */; };
		56989F8F2BBF2D2400A88503 /* APIResponse.swift in Sources */ = {isa = PBXBuildFile; fileRef = 56989F8E2BBF2D2400A88503 /* APIResponse.swift */; };
		56989F912BBF4B5D00A88503 /* APIConfig.swift in Sources */ = {isa = PBXBuildFile; fileRef = 56989F902BBF4B5D00A88503 /* APIConfig.swift */; };
		56989F962BBF59F100A88503 /* SportsRequest.swift in Sources */ = {isa = PBXBuildFile; fileRef = 56989F952BBF59F100A88503 /* SportsRequest.swift */; };
		56989F972BBF59F100A88503 /* SportsRequest.swift in Sources */ = {isa = PBXBuildFile; fileRef = 56989F952BBF59F100A88503 /* SportsRequest.swift */; };
		56989F9C2BBF5EFE00A88503 /* SportModel.swift in Sources */ = {isa = PBXBuildFile; fileRef = 56989F9B2BBF5EFE00A88503 /* SportModel.swift */; };
		56989F9D2BBF5EFE00A88503 /* SportModel.swift in Sources */ = {isa = PBXBuildFile; fileRef = 56989F9B2BBF5EFE00A88503 /* SportModel.swift */; };
		56989F9F2BBF60C200A88503 /* SportsResponseModel.swift in Sources */ = {isa = PBXBuildFile; fileRef = 56989F9E2BBF60C200A88503 /* SportsResponseModel.swift */; };
		56989FA02BBF60C200A88503 /* SportsResponseModel.swift in Sources */ = {isa = PBXBuildFile; fileRef = 56989F9E2BBF60C200A88503 /* SportsResponseModel.swift */; };
		56F88D4D2BCDDA5C00A197D1 /* SportsCatalogueCoordinator.swift in Sources */ = {isa = PBXBuildFile; fileRef = 56F88D4C2BCDDA5C00A197D1 /* SportsCatalogueCoordinator.swift */; };
		56F88D502BCDDC1600A197D1 /* BaseCoordinator.swift in Sources */ = {isa = PBXBuildFile; fileRef = 56F88D4F2BCDDC1600A197D1 /* BaseCoordinator.swift */; };
		56F88D542BCDE39400A197D1 /* DateExtension.swift in Sources */ = {isa = PBXBuildFile; fileRef = 56F88D532BCDE39400A197D1 /* DateExtension.swift */; };
		56F88D562BCDE62A00A197D1 /* UITableViewExtension.swift in Sources */ = {isa = PBXBuildFile; fileRef = 56F88D552BCDE62A00A197D1 /* UITableViewExtension.swift */; };
		56F88D582BCDE66200A197D1 /* ConfigurableTableViewCellProtocol.swift in Sources */ = {isa = PBXBuildFile; fileRef = 56F88D572BCDE66200A197D1 /* ConfigurableTableViewCellProtocol.swift */; };
		56F88D592BCDEBC700A197D1 /* BaseCoordinator.swift in Sources */ = {isa = PBXBuildFile; fileRef = 56F88D4F2BCDDC1600A197D1 /* BaseCoordinator.swift */; };
		56F88D5A2BCE109400A197D1 /* APIConfig.swift in Sources */ = {isa = PBXBuildFile; fileRef = 56989F902BBF4B5D00A88503 /* APIConfig.swift */; };
		56F88D5B2BCE109D00A197D1 /* ConfigurableTableViewCellProtocol.swift in Sources */ = {isa = PBXBuildFile; fileRef = 56F88D572BCDE66200A197D1 /* ConfigurableTableViewCellProtocol.swift */; };
		56F88D5C2BCE10A800A197D1 /* APIManager.swift in Sources */ = {isa = PBXBuildFile; fileRef = 56954EAC2BBF1949002FC8D0 /* APIManager.swift */; };
		56F88D5D2BCE10D500A197D1 /* APIRequest.swift in Sources */ = {isa = PBXBuildFile; fileRef = 56954EAA2BBF0A19002FC8D0 /* APIRequest.swift */; };
		56F88D5E2BCE110800A197D1 /* SportDetailsTableViewCell.swift in Sources */ = {isa = PBXBuildFile; fileRef = 5682C46D2BC129A00093998D /* SportDetailsTableViewCell.swift */; };
		56F88D5F2BCE111D00A197D1 /* APIResponse.swift in Sources */ = {isa = PBXBuildFile; fileRef = 56989F8E2BBF2D2400A88503 /* APIResponse.swift */; };
		56F88D602BCE114D00A197D1 /* CardView.swift in Sources */ = {isa = PBXBuildFile; fileRef = 5682C4712BC17AD70093998D /* CardView.swift */; };
		56F88D612BCE116300A197D1 /* DateExtension.swift in Sources */ = {isa = PBXBuildFile; fileRef = 56F88D532BCDE39400A197D1 /* DateExtension.swift */; };
		56F88D632BCE1C2900A197D1 /* SportsCatalogueViewModel.swift in Sources */ = {isa = PBXBuildFile; fileRef = 56596CA62BCBF01500AD4890 /* SportsCatalogueViewModel.swift */; };
		56F88D642BCE1CA900A197D1 /* CatalogTableViewCell.swift in Sources */ = {isa = PBXBuildFile; fileRef = 5682C4632BC123D20093998D /* CatalogTableViewCell.swift */; };
		56F88D652BCE1CCF00A197D1 /* SeparatorView.swift in Sources */ = {isa = PBXBuildFile; fileRef = 56596CA22BCADD7C00AD4890 /* SeparatorView.swift */; };
		56F88D692BCE30DF00A197D1 /* SportCatalogueViewModelTests.swift in Sources */ = {isa = PBXBuildFile; fileRef = 56F88D682BCE30DF00A197D1 /* SportCatalogueViewModelTests.swift */; };
		56F88D6D2BCE39C000A197D1 /* SportDetailsViewModelTests.swift in Sources */ = {isa = PBXBuildFile; fileRef = 56F88D6C2BCE39C000A197D1 /* SportDetailsViewModelTests.swift */; };
		56F88D712BCE4F1200A197D1 /* SportDetailsTableViewCellModel.swift in Sources */ = {isa = PBXBuildFile; fileRef = 56F88D702BCE4F1200A197D1 /* SportDetailsTableViewCellModel.swift */; };
		56F88D722BCE6C8400A197D1 /* SportDetailsTableViewCellModel.swift in Sources */ = {isa = PBXBuildFile; fileRef = 56F88D702BCE4F1200A197D1 /* SportDetailsTableViewCellModel.swift */; };
/* End PBXBuildFile section */

/* Begin PBXContainerItemProxy section */
		56954E8D2BBEDC00002FC8D0 /* PBXContainerItemProxy */ = {
			isa = PBXContainerItemProxy;
			containerPortal = 56954E6E2BBEDBFF002FC8D0 /* Project object */;
			proxyType = 1;
			remoteGlobalIDString = 56954E752BBEDBFF002FC8D0;
			remoteInfo = Sportsbook;
		};
		56954E972BBEDC00002FC8D0 /* PBXContainerItemProxy */ = {
			isa = PBXContainerItemProxy;
			containerPortal = 56954E6E2BBEDBFF002FC8D0 /* Project object */;
			proxyType = 1;
			remoteGlobalIDString = 56954E752BBEDBFF002FC8D0;
			remoteInfo = Sportsbook;
		};
/* End PBXContainerItemProxy section */

/* Begin PBXFileReference section */
		564A1EF82BC706F00012A49B /* SportMarketsAndEventsRequest.swift */ = {isa = PBXFileReference; lastKnownFileType = sourcecode.swift; path = SportMarketsAndEventsRequest.swift; sourceTree = "<group>"; };
		564A1EFB2BC707E90012A49B /* EventPrimaryMarketAggregateModel.swift */ = {isa = PBXFileReference; lastKnownFileType = sourcecode.swift; path = EventPrimaryMarketAggregateModel.swift; sourceTree = "<group>"; };
		564A1EFE2BC708180012A49B /* MarketModel.swift */ = {isa = PBXFileReference; lastKnownFileType = sourcecode.swift; path = MarketModel.swift; sourceTree = "<group>"; };
		564A1F012BC708470012A49B /* RunnerModel.swift */ = {isa = PBXFileReference; lastKnownFileType = sourcecode.swift; path = RunnerModel.swift; sourceTree = "<group>"; };
		564A1F042BC709550012A49B /* MarketType.swift */ = {isa = PBXFileReference; lastKnownFileType = sourcecode.swift; path = MarketType.swift; sourceTree = "<group>"; };
		564A1F072BC709A00012A49B /* OddsModel.swift */ = {isa = PBXFileReference; lastKnownFileType = sourcecode.swift; path = OddsModel.swift; sourceTree = "<group>"; };
		564A1F0A2BC7C6740012A49B /* SportDetailsViewModel.swift */ = {isa = PBXFileReference; lastKnownFileType = sourcecode.swift; path = SportDetailsViewModel.swift; sourceTree = "<group>"; };
		564A1F0E2BC7C78A0012A49B /* CollectionExtension.swift */ = {isa = PBXFileReference; lastKnownFileType = sourcecode.swift; path = CollectionExtension.swift; sourceTree = "<group>"; };
		564A1F122BC9A7540012A49B /* BaseViewController.swift */ = {isa = PBXFileReference; lastKnownFileType = sourcecode.swift; path = BaseViewController.swift; sourceTree = "<group>"; };
		564A1F162BC9BD320012A49B /* SportsEventMarketSectionModel.swift */ = {isa = PBXFileReference; lastKnownFileType = sourcecode.swift; path = SportsEventMarketSectionModel.swift; sourceTree = "<group>"; };
		564A1F192BC9C12D0012A49B /* APIError.swift */ = {isa = PBXFileReference; lastKnownFileType = sourcecode.swift; path = APIError.swift; sourceTree = "<group>"; };
		565661212BCC15B4000B2EC3 /* SportsCatalogueViewController.swift */ = {isa = PBXFileReference; lastKnownFileType = sourcecode.swift; path = SportsCatalogueViewController.swift; sourceTree = "<group>"; };
		565661222BCC15B4000B2EC3 /* SportsCatalogueViewController.xib */ = {isa = PBXFileReference; lastKnownFileType = file.xib; path = SportsCatalogueViewController.xib; sourceTree = "<group>"; };
		56596CA22BCADD7C00AD4890 /* SeparatorView.swift */ = {isa = PBXFileReference; lastKnownFileType = sourcecode.swift; path = SeparatorView.swift; sourceTree = "<group>"; };
		56596CA62BCBF01500AD4890 /* SportsCatalogueViewModel.swift */ = {isa = PBXFileReference; lastKnownFileType = sourcecode.swift; path = SportsCatalogueViewModel.swift; sourceTree = "<group>"; };
		56596CA82BCBFCFC00AD4890 /* MainCoordinator.swift */ = {isa = PBXFileReference; lastKnownFileType = sourcecode.swift; path = MainCoordinator.swift; sourceTree = "<group>"; };
		5682C4632BC123D20093998D /* CatalogTableViewCell.swift */ = {isa = PBXFileReference; lastKnownFileType = sourcecode.swift; path = CatalogTableViewCell.swift; sourceTree = "<group>"; };
		5682C4642BC123D20093998D /* CatalogTableViewCell.xib */ = {isa = PBXFileReference; lastKnownFileType = file.xib; path = CatalogTableViewCell.xib; sourceTree = "<group>"; };
		5682C4692BC129190093998D /* SportDetailsViewController.swift */ = {isa = PBXFileReference; lastKnownFileType = sourcecode.swift; path = SportDetailsViewController.swift; sourceTree = "<group>"; };
		5682C46A2BC129190093998D /* SportDetailsViewController.xib */ = {isa = PBXFileReference; lastKnownFileType = file.xib; path = SportDetailsViewController.xib; sourceTree = "<group>"; };
		5682C46D2BC129A00093998D /* SportDetailsTableViewCell.swift */ = {isa = PBXFileReference; lastKnownFileType = sourcecode.swift; path = SportDetailsTableViewCell.swift; sourceTree = "<group>"; };
		5682C46E2BC129A00093998D /* SportDetailsTableViewCell.xib */ = {isa = PBXFileReference; lastKnownFileType = file.xib; path = SportDetailsTableViewCell.xib; sourceTree = "<group>"; };
		5682C4712BC17AD70093998D /* CardView.swift */ = {isa = PBXFileReference; lastKnownFileType = sourcecode.swift; path = CardView.swift; sourceTree = "<group>"; };
		5682C4732BC17AE00093998D /* CardView.xib */ = {isa = PBXFileReference; lastKnownFileType = file.xib; path = CardView.xib; sourceTree = "<group>"; };
		56954E762BBEDBFF002FC8D0 /* Sportsbook.app */ = {isa = PBXFileReference; explicitFileType = wrapper.application; includeInIndex = 0; path = Sportsbook.app; sourceTree = BUILT_PRODUCTS_DIR; };
		56954E792BBEDBFF002FC8D0 /* AppDelegate.swift */ = {isa = PBXFileReference; lastKnownFileType = sourcecode.swift; path = AppDelegate.swift; sourceTree = "<group>"; };
		56954E7B2BBEDBFF002FC8D0 /* SceneDelegate.swift */ = {isa = PBXFileReference; lastKnownFileType = sourcecode.swift; path = SceneDelegate.swift; sourceTree = "<group>"; };
		56954E822BBEDC00002FC8D0 /* Assets.xcassets */ = {isa = PBXFileReference; lastKnownFileType = folder.assetcatalog; path = Assets.xcassets; sourceTree = "<group>"; };
		56954E852BBEDC00002FC8D0 /* Base */ = {isa = PBXFileReference; lastKnownFileType = file.storyboard; name = Base; path = Base.lproj/LaunchScreen.storyboard; sourceTree = "<group>"; };
		56954E872BBEDC00002FC8D0 /* Info.plist */ = {isa = PBXFileReference; lastKnownFileType = text.plist.xml; path = Info.plist; sourceTree = "<group>"; };
		56954E8C2BBEDC00002FC8D0 /* SportsbookTests.xctest */ = {isa = PBXFileReference; explicitFileType = wrapper.cfbundle; includeInIndex = 0; path = SportsbookTests.xctest; sourceTree = BUILT_PRODUCTS_DIR; };
		56954E902BBEDC00002FC8D0 /* SportsbookTests.swift */ = {isa = PBXFileReference; lastKnownFileType = sourcecode.swift; path = SportsbookTests.swift; sourceTree = "<group>"; };
		56954E962BBEDC00002FC8D0 /* SportsbookUITests.xctest */ = {isa = PBXFileReference; explicitFileType = wrapper.cfbundle; includeInIndex = 0; path = SportsbookUITests.xctest; sourceTree = BUILT_PRODUCTS_DIR; };
		56954E9A2BBEDC00002FC8D0 /* SportsbookUITests.swift */ = {isa = PBXFileReference; lastKnownFileType = sourcecode.swift; path = SportsbookUITests.swift; sourceTree = "<group>"; };
		56954E9C2BBEDC00002FC8D0 /* SportsbookUITestsLaunchTests.swift */ = {isa = PBXFileReference; lastKnownFileType = sourcecode.swift; path = SportsbookUITestsLaunchTests.swift; sourceTree = "<group>"; };
		56954EAA2BBF0A19002FC8D0 /* APIRequest.swift */ = {isa = PBXFileReference; lastKnownFileType = sourcecode.swift; path = APIRequest.swift; sourceTree = "<group>"; };
		56954EAC2BBF1949002FC8D0 /* APIManager.swift */ = {isa = PBXFileReference; lastKnownFileType = sourcecode.swift; path = APIManager.swift; sourceTree = "<group>"; };
		56989F8E2BBF2D2400A88503 /* APIResponse.swift */ = {isa = PBXFileReference; lastKnownFileType = sourcecode.swift; path = APIResponse.swift; sourceTree = "<group>"; };
		56989F902BBF4B5D00A88503 /* APIConfig.swift */ = {isa = PBXFileReference; lastKnownFileType = sourcecode.swift; path = APIConfig.swift; sourceTree = "<group>"; };
		56989F952BBF59F100A88503 /* SportsRequest.swift */ = {isa = PBXFileReference; lastKnownFileType = sourcecode.swift; path = SportsRequest.swift; sourceTree = "<group>"; };
		56989F9B2BBF5EFE00A88503 /* SportModel.swift */ = {isa = PBXFileReference; lastKnownFileType = sourcecode.swift; path = SportModel.swift; sourceTree = "<group>"; };
		56989F9E2BBF60C200A88503 /* SportsResponseModel.swift */ = {isa = PBXFileReference; lastKnownFileType = sourcecode.swift; path = SportsResponseModel.swift; sourceTree = "<group>"; };
		56F88D4C2BCDDA5C00A197D1 /* SportsCatalogueCoordinator.swift */ = {isa = PBXFileReference; lastKnownFileType = sourcecode.swift; path = SportsCatalogueCoordinator.swift; sourceTree = "<group>"; };
		56F88D4F2BCDDC1600A197D1 /* BaseCoordinator.swift */ = {isa = PBXFileReference; lastKnownFileType = sourcecode.swift; path = BaseCoordinator.swift; sourceTree = "<group>"; };
		56F88D532BCDE39400A197D1 /* DateExtension.swift */ = {isa = PBXFileReference; lastKnownFileType = sourcecode.swift; path = DateExtension.swift; sourceTree = "<group>"; };
		56F88D552BCDE62A00A197D1 /* UITableViewExtension.swift */ = {isa = PBXFileReference; lastKnownFileType = sourcecode.swift; path = UITableViewExtension.swift; sourceTree = "<group>"; };
		56F88D572BCDE66200A197D1 /* ConfigurableTableViewCellProtocol.swift */ = {isa = PBXFileReference; lastKnownFileType = sourcecode.swift; path = ConfigurableTableViewCellProtocol.swift; sourceTree = "<group>"; };
		56F88D622BCE160900A197D1 /* Sportsbook.xctestplan */ = {isa = PBXFileReference; lastKnownFileType = text; path = Sportsbook.xctestplan; sourceTree = "<group>"; };
		56F88D682BCE30DF00A197D1 /* SportCatalogueViewModelTests.swift */ = {isa = PBXFileReference; lastKnownFileType = sourcecode.swift; path = SportCatalogueViewModelTests.swift; sourceTree = "<group>"; };
		56F88D6C2BCE39C000A197D1 /* SportDetailsViewModelTests.swift */ = {isa = PBXFileReference; lastKnownFileType = sourcecode.swift; path = SportDetailsViewModelTests.swift; sourceTree = "<group>"; };
		56F88D6E2BCE4C2E00A197D1 /* README.md */ = {isa = PBXFileReference; lastKnownFileType = net.daringfireball.markdown; path = README.md; sourceTree = "<group>"; };
		56F88D702BCE4F1200A197D1 /* SportDetailsTableViewCellModel.swift */ = {isa = PBXFileReference; lastKnownFileType = sourcecode.swift; path = SportDetailsTableViewCellModel.swift; sourceTree = "<group>"; };
/* End PBXFileReference section */

/* Begin PBXFrameworksBuildPhase section */
		56954E732BBEDBFF002FC8D0 /* Frameworks */ = {
			isa = PBXFrameworksBuildPhase;
			buildActionMask = 2147483647;
			files = (
			);
			runOnlyForDeploymentPostprocessing = 0;
		};
		56954E892BBEDC00002FC8D0 /* Frameworks */ = {
			isa = PBXFrameworksBuildPhase;
			buildActionMask = 2147483647;
			files = (
			);
			runOnlyForDeploymentPostprocessing = 0;
		};
		56954E932BBEDC00002FC8D0 /* Frameworks */ = {
			isa = PBXFrameworksBuildPhase;
			buildActionMask = 2147483647;
			files = (
			);
			runOnlyForDeploymentPostprocessing = 0;
		};
/* End PBXFrameworksBuildPhase section */

/* Begin PBXGroup section */
		564A1EF72BC6FF710012A49B /* SportDetails */ = {
			isa = PBXGroup;
			children = (
				5682C4692BC129190093998D /* SportDetailsViewController.swift */,
				5682C46A2BC129190093998D /* SportDetailsViewController.xib */,
				56F88D522BCDE1DD00A197D1 /* SubViews */,
				564A1F152BC9BD060012A49B /* Models */,
			);
			path = SportDetails;
			sourceTree = "<group>";
		};
		564A1F0D2BC7C7710012A49B /* Helpers, Extensions */ = {
			isa = PBXGroup;
			children = (
				564A1F0E2BC7C78A0012A49B /* CollectionExtension.swift */,
				56F88D532BCDE39400A197D1 /* DateExtension.swift */,
				56F88D552BCDE62A00A197D1 /* UITableViewExtension.swift */,
				56F88D572BCDE66200A197D1 /* ConfigurableTableViewCellProtocol.swift */,
			);
			path = "Helpers, Extensions";
			sourceTree = "<group>";
		};
		564A1F112BC9A6C50012A49B /* BaseKit */ = {
			isa = PBXGroup;
			children = (
				564A1F0D2BC7C7710012A49B /* Helpers, Extensions */,
				56F88D4F2BCDDC1600A197D1 /* BaseCoordinator.swift */,
				564A1F122BC9A7540012A49B /* BaseViewController.swift */,
			);
			path = BaseKit;
			sourceTree = "<group>";
		};
		564A1F152BC9BD060012A49B /* Models */ = {
			isa = PBXGroup;
			children = (
				564A1F0A2BC7C6740012A49B /* SportDetailsViewModel.swift */,
				564A1F162BC9BD320012A49B /* SportsEventMarketSectionModel.swift */,
				56F88D702BCE4F1200A197D1 /* SportDetailsTableViewCellModel.swift */,
			);
			path = Models;
			sourceTree = "<group>";
		};
		56954E6D2BBEDBFF002FC8D0 = {
			isa = PBXGroup;
			children = (
				56F88D622BCE160900A197D1 /* Sportsbook.xctestplan */,
				56F88D6E2BCE4C2E00A197D1 /* README.md */,
				564A1F112BC9A6C50012A49B /* BaseKit */,
				56F88D4E2BCDDB7A00A197D1 /* DTOs - Models */,
				56989F982BBF5BF000A88503 /* Scenes */,
				56954EA92BBEE86C002FC8D0 /* APIKit */,
				56954E782BBEDBFF002FC8D0 /* Sportsbook */,
				56954E8F2BBEDC00002FC8D0 /* SportsbookTests */,
				56954E992BBEDC00002FC8D0 /* SportsbookUITests */,
				56954E772BBEDBFF002FC8D0 /* Products */,
			);
			sourceTree = "<group>";
		};
		56954E772BBEDBFF002FC8D0 /* Products */ = {
			isa = PBXGroup;
			children = (
				56954E762BBEDBFF002FC8D0 /* Sportsbook.app */,
				56954E8C2BBEDC00002FC8D0 /* SportsbookTests.xctest */,
				56954E962BBEDC00002FC8D0 /* SportsbookUITests.xctest */,
			);
			name = Products;
			sourceTree = "<group>";
		};
		56954E782BBEDBFF002FC8D0 /* Sportsbook */ = {
			isa = PBXGroup;
			children = (
				56596CA82BCBFCFC00AD4890 /* MainCoordinator.swift */,
				56954E792BBEDBFF002FC8D0 /* AppDelegate.swift */,
				56954E7B2BBEDBFF002FC8D0 /* SceneDelegate.swift */,
				56954E822BBEDC00002FC8D0 /* Assets.xcassets */,
				56954E842BBEDC00002FC8D0 /* LaunchScreen.storyboard */,
				56954E872BBEDC00002FC8D0 /* Info.plist */,
			);
			path = Sportsbook;
			sourceTree = "<group>";
		};
		56954E8F2BBEDC00002FC8D0 /* SportsbookTests */ = {
			isa = PBXGroup;
			children = (
				56954E902BBEDC00002FC8D0 /* SportsbookTests.swift */,
				56F88D682BCE30DF00A197D1 /* SportCatalogueViewModelTests.swift */,
				56F88D6C2BCE39C000A197D1 /* SportDetailsViewModelTests.swift */,
			);
			path = SportsbookTests;
			sourceTree = "<group>";
		};
		56954E992BBEDC00002FC8D0 /* SportsbookUITests */ = {
			isa = PBXGroup;
			children = (
				56954E9A2BBEDC00002FC8D0 /* SportsbookUITests.swift */,
				56954E9C2BBEDC00002FC8D0 /* SportsbookUITestsLaunchTests.swift */,
			);
			path = SportsbookUITests;
			sourceTree = "<group>";
		};
		56954EA92BBEE86C002FC8D0 /* APIKit */ = {
			isa = PBXGroup;
			children = (
				56989F942BBF59BE00A88503 /* Requests */,
				56954EAA2BBF0A19002FC8D0 /* APIRequest.swift */,
				56954EAC2BBF1949002FC8D0 /* APIManager.swift */,
				56989F8E2BBF2D2400A88503 /* APIResponse.swift */,
				56989F902BBF4B5D00A88503 /* APIConfig.swift */,
				564A1F192BC9C12D0012A49B /* APIError.swift */,
			);
			path = APIKit;
			sourceTree = "<group>";
		};
		56989F942BBF59BE00A88503 /* Requests */ = {
			isa = PBXGroup;
			children = (
				56989F952BBF59F100A88503 /* SportsRequest.swift */,
				564A1EF82BC706F00012A49B /* SportMarketsAndEventsRequest.swift */,
			);
			path = Requests;
			sourceTree = "<group>";
		};
		56989F982BBF5BF000A88503 /* Scenes */ = {
			isa = PBXGroup;
			children = (
				564A1EF72BC6FF710012A49B /* SportDetails */,
				56989F992BBF5C4100A88503 /* SportsList */,
			);
			path = Scenes;
			sourceTree = "<group>";
		};
		56989F992BBF5C4100A88503 /* SportsList */ = {
			isa = PBXGroup;
			children = (
				565661212BCC15B4000B2EC3 /* SportsCatalogueViewController.swift */,
				565661222BCC15B4000B2EC3 /* SportsCatalogueViewController.xib */,
				56F88D6F2BCE4EC900A197D1 /* Coordinator */,
				56F88D512BCDE1A700A197D1 /* SubViews */,
				56989F9A2BBF5C4B00A88503 /* Models */,
			);
			path = SportsList;
			sourceTree = "<group>";
		};
		56989F9A2BBF5C4B00A88503 /* Models */ = {
			isa = PBXGroup;
			children = (
				56596CA62BCBF01500AD4890 /* SportsCatalogueViewModel.swift */,
			);
			path = Models;
			sourceTree = "<group>";
		};
		56F88D4E2BCDDB7A00A197D1 /* DTOs - Models */ = {
			isa = PBXGroup;
			children = (
				56989F9B2BBF5EFE00A88503 /* SportModel.swift */,
				56989F9E2BBF60C200A88503 /* SportsResponseModel.swift */,
				564A1EFB2BC707E90012A49B /* EventPrimaryMarketAggregateModel.swift */,
				564A1EFE2BC708180012A49B /* MarketModel.swift */,
				564A1F012BC708470012A49B /* RunnerModel.swift */,
				564A1F042BC709550012A49B /* MarketType.swift */,
				564A1F072BC709A00012A49B /* OddsModel.swift */,
			);
			path = "DTOs - Models";
			sourceTree = "<group>";
		};
		56F88D512BCDE1A700A197D1 /* SubViews */ = {
			isa = PBXGroup;
			children = (
				5682C4632BC123D20093998D /* CatalogTableViewCell.swift */,
				5682C4642BC123D20093998D /* CatalogTableViewCell.xib */,
			);
			path = SubViews;
			sourceTree = "<group>";
		};
		56F88D522BCDE1DD00A197D1 /* SubViews */ = {
			isa = PBXGroup;
			children = (
				5682C46D2BC129A00093998D /* SportDetailsTableViewCell.swift */,
				5682C46E2BC129A00093998D /* SportDetailsTableViewCell.xib */,
				5682C4712BC17AD70093998D /* CardView.swift */,
				5682C4732BC17AE00093998D /* CardView.xib */,
				56596CA22BCADD7C00AD4890 /* SeparatorView.swift */,
			);
			path = SubViews;
			sourceTree = "<group>";
		};
		56F88D6F2BCE4EC900A197D1 /* Coordinator */ = {
			isa = PBXGroup;
			children = (
				56F88D4C2BCDDA5C00A197D1 /* SportsCatalogueCoordinator.swift */,
			);
			path = Coordinator;
			sourceTree = "<group>";
		};
/* End PBXGroup section */

/* Begin PBXNativeTarget section */
		56954E752BBEDBFF002FC8D0 /* Sportsbook */ = {
			isa = PBXNativeTarget;
			buildConfigurationList = 56954EA02BBEDC00002FC8D0 /* Build configuration list for PBXNativeTarget "Sportsbook" */;
			buildPhases = (
				56954E722BBEDBFF002FC8D0 /* Sources */,
				56954E732BBEDBFF002FC8D0 /* Frameworks */,
				56954E742BBEDBFF002FC8D0 /* Resources */,
			);
			buildRules = (
			);
			dependencies = (
			);
			name = Sportsbook;
			productName = Sportsbook;
			productReference = 56954E762BBEDBFF002FC8D0 /* Sportsbook.app */;
			productType = "com.apple.product-type.application";
		};
		56954E8B2BBEDC00002FC8D0 /* SportsbookTests */ = {
			isa = PBXNativeTarget;
			buildConfigurationList = 56954EA32BBEDC00002FC8D0 /* Build configuration list for PBXNativeTarget "SportsbookTests" */;
			buildPhases = (
				56954E882BBEDC00002FC8D0 /* Sources */,
				56954E892BBEDC00002FC8D0 /* Frameworks */,
				56954E8A2BBEDC00002FC8D0 /* Resources */,
			);
			buildRules = (
			);
			dependencies = (
				56954E8E2BBEDC00002FC8D0 /* PBXTargetDependency */,
			);
			name = SportsbookTests;
			productName = SportsbookTests;
			productReference = 56954E8C2BBEDC00002FC8D0 /* SportsbookTests.xctest */;
			productType = "com.apple.product-type.bundle.unit-test";
		};
		56954E952BBEDC00002FC8D0 /* SportsbookUITests */ = {
			isa = PBXNativeTarget;
			buildConfigurationList = 56954EA62BBEDC00002FC8D0 /* Build configuration list for PBXNativeTarget "SportsbookUITests" */;
			buildPhases = (
				56954E922BBEDC00002FC8D0 /* Sources */,
				56954E932BBEDC00002FC8D0 /* Frameworks */,
				56954E942BBEDC00002FC8D0 /* Resources */,
			);
			buildRules = (
			);
			dependencies = (
				56954E982BBEDC00002FC8D0 /* PBXTargetDependency */,
			);
			name = SportsbookUITests;
			productName = SportsbookUITests;
			productReference = 56954E962BBEDC00002FC8D0 /* SportsbookUITests.xctest */;
			productType = "com.apple.product-type.bundle.ui-testing";
		};
/* End PBXNativeTarget section */

/* Begin PBXProject section */
		56954E6E2BBEDBFF002FC8D0 /* Project object */ = {
			isa = PBXProject;
			attributes = {
				BuildIndependentTargetsInParallel = 1;
				LastSwiftUpdateCheck = 1500;
				LastUpgradeCheck = 1500;
				TargetAttributes = {
					56954E752BBEDBFF002FC8D0 = {
						CreatedOnToolsVersion = 15.0.1;
					};
					56954E8B2BBEDC00002FC8D0 = {
						CreatedOnToolsVersion = 15.0.1;
						TestTargetID = 56954E752BBEDBFF002FC8D0;
					};
					56954E952BBEDC00002FC8D0 = {
						CreatedOnToolsVersion = 15.0.1;
						TestTargetID = 56954E752BBEDBFF002FC8D0;
					};
				};
			};
			buildConfigurationList = 56954E712BBEDBFF002FC8D0 /* Build configuration list for PBXProject "Sportsbook" */;
			compatibilityVersion = "Xcode 14.0";
			developmentRegion = en;
			hasScannedForEncodings = 0;
			knownRegions = (
				en,
				Base,
			);
			mainGroup = 56954E6D2BBEDBFF002FC8D0;
			productRefGroup = 56954E772BBEDBFF002FC8D0 /* Products */;
			projectDirPath = "";
			projectRoot = "";
			targets = (
				56954E752BBEDBFF002FC8D0 /* Sportsbook */,
				56954E8B2BBEDC00002FC8D0 /* SportsbookTests */,
				56954E952BBEDC00002FC8D0 /* SportsbookUITests */,
			);
		};
/* End PBXProject section */

/* Begin PBXResourcesBuildPhase section */
		56954E742BBEDBFF002FC8D0 /* Resources */ = {
			isa = PBXResourcesBuildPhase;
			buildActionMask = 2147483647;
			files = (
				5682C46C2BC129190093998D /* SportDetailsViewController.xib in Resources */,
				56954E862BBEDC00002FC8D0 /* LaunchScreen.storyboard in Resources */,
				56954E832BBEDC00002FC8D0 /* Assets.xcassets in Resources */,
				5682C4742BC17AE00093998D /* CardView.xib in Resources */,
				565661242BCC15B4000B2EC3 /* SportsCatalogueViewController.xib in Resources */,
				5682C4662BC123D20093998D /* CatalogTableViewCell.xib in Resources */,
				5682C4702BC129A00093998D /* SportDetailsTableViewCell.xib in Resources */,
			);
			runOnlyForDeploymentPostprocessing = 0;
		};
		56954E8A2BBEDC00002FC8D0 /* Resources */ = {
			isa = PBXResourcesBuildPhase;
			buildActionMask = 2147483647;
			files = (
			);
			runOnlyForDeploymentPostprocessing = 0;
		};
		56954E942BBEDC00002FC8D0 /* Resources */ = {
			isa = PBXResourcesBuildPhase;
			buildActionMask = 2147483647;
			files = (
			);
			runOnlyForDeploymentPostprocessing = 0;
		};
/* End PBXResourcesBuildPhase section */

/* Begin PBXSourcesBuildPhase section */
		56954E722BBEDBFF002FC8D0 /* Sources */ = {
			isa = PBXSourcesBuildPhase;
			buildActionMask = 2147483647;
			files = (
				56596CA32BCADD7C00AD4890 /* SeparatorView.swift in Sources */,
				5682C4722BC17AD70093998D /* CardView.swift in Sources */,
				56954EAD2BBF1949002FC8D0 /* APIManager.swift in Sources */,
				564A1F132BC9A7540012A49B /* BaseViewController.swift in Sources */,
				56F88D542BCDE39400A197D1 /* DateExtension.swift in Sources */,
				564A1F022BC708470012A49B /* RunnerModel.swift in Sources */,
				56596CA72BCBF01500AD4890 /* SportsCatalogueViewModel.swift in Sources */,
				564A1F172BC9BD320012A49B /* SportsEventMarketSectionModel.swift in Sources */,
				564A1F052BC709550012A49B /* MarketType.swift in Sources */,
				564A1F082BC709A00012A49B /* OddsModel.swift in Sources */,
				564A1EF92BC706F00012A49B /* SportMarketsAndEventsRequest.swift in Sources */,
				56989F962BBF59F100A88503 /* SportsRequest.swift in Sources */,
				564A1EFF2BC708180012A49B /* MarketModel.swift in Sources */,
				56954E7A2BBEDBFF002FC8D0 /* AppDelegate.swift in Sources */,
				56954EAB2BBF0A19002FC8D0 /* APIRequest.swift in Sources */,
				564A1F0F2BC7C78A0012A49B /* CollectionExtension.swift in Sources */,
				564A1EFC2BC707E90012A49B /* EventPrimaryMarketAggregateModel.swift in Sources */,
				56954E7C2BBEDBFF002FC8D0 /* SceneDelegate.swift in Sources */,
				56F88D502BCDDC1600A197D1 /* BaseCoordinator.swift in Sources */,
				56F88D562BCDE62A00A197D1 /* UITableViewExtension.swift in Sources */,
				56989F9C2BBF5EFE00A88503 /* SportModel.swift in Sources */,
				56F88D582BCDE66200A197D1 /* ConfigurableTableViewCellProtocol.swift in Sources */,
				56989F9F2BBF60C200A88503 /* SportsResponseModel.swift in Sources */,
				56596CA92BCBFCFC00AD4890 /* MainCoordinator.swift in Sources */,
				564A1F0B2BC7C6740012A49B /* SportDetailsViewModel.swift in Sources */,
				5682C46F2BC129A00093998D /* SportDetailsTableViewCell.swift in Sources */,
				56F88D4D2BCDDA5C00A197D1 /* SportsCatalogueCoordinator.swift in Sources */,
				5682C46B2BC129190093998D /* SportDetailsViewController.swift in Sources */,
				56989F8F2BBF2D2400A88503 /* APIResponse.swift in Sources */,
				56F88D722BCE6C8400A197D1 /* SportDetailsTableViewCellModel.swift in Sources */,
				5682C4652BC123D20093998D /* CatalogTableViewCell.swift in Sources */,
				564A1F1A2BC9C12D0012A49B /* APIError.swift in Sources */,
				56989F912BBF4B5D00A88503 /* APIConfig.swift in Sources */,
				565661232BCC15B4000B2EC3 /* SportsCatalogueViewController.swift in Sources */,
			);
			runOnlyForDeploymentPostprocessing = 0;
		};
		56954E882BBEDC00002FC8D0 /* Sources */ = {
			isa = PBXSourcesBuildPhase;
			buildActionMask = 2147483647;
			files = (
				564A1F142BC9A7540012A49B /* BaseViewController.swift in Sources */,
				56F88D692BCE30DF00A197D1 /* SportCatalogueViewModelTests.swift in Sources */,
				56F88D612BCE116300A197D1 /* DateExtension.swift in Sources */,
				56F88D5C2BCE10A800A197D1 /* APIManager.swift in Sources */,
				56F88D642BCE1CA900A197D1 /* CatalogTableViewCell.swift in Sources */,
				564A1F182BC9BD320012A49B /* SportsEventMarketSectionModel.swift in Sources */,
				56989F9D2BBF5EFE00A88503 /* SportModel.swift in Sources */,
				56F88D712BCE4F1200A197D1 /* SportDetailsTableViewCellModel.swift in Sources */,
				564A1F032BC708470012A49B /* RunnerModel.swift in Sources */,
				56F88D5F2BCE111D00A197D1 /* APIResponse.swift in Sources */,
				56F88D5A2BCE109400A197D1 /* APIConfig.swift in Sources */,
				56989F972BBF59F100A88503 /* SportsRequest.swift in Sources */,
				564A1F002BC708180012A49B /* MarketModel.swift in Sources */,
				56954E912BBEDC00002FC8D0 /* SportsbookTests.swift in Sources */,
				564A1F102BC7C78A0012A49B /* CollectionExtension.swift in Sources */,
				564A1F1B2BC9C12D0012A49B /* APIError.swift in Sources */,
				56F88D5B2BCE109D00A197D1 /* ConfigurableTableViewCellProtocol.swift in Sources */,
				564A1F092BC709A00012A49B /* OddsModel.swift in Sources */,
				564A1EFA2BC706F00012A49B /* SportMarketsAndEventsRequest.swift in Sources */,
				56989FA02BBF60C200A88503 /* SportsResponseModel.swift in Sources */,
				56F88D652BCE1CCF00A197D1 /* SeparatorView.swift in Sources */,
				56F88D6D2BCE39C000A197D1 /* SportDetailsViewModelTests.swift in Sources */,
				56F88D632BCE1C2900A197D1 /* SportsCatalogueViewModel.swift in Sources */,
				564A1EFD2BC707E90012A49B /* EventPrimaryMarketAggregateModel.swift in Sources */,
				564A1F062BC709550012A49B /* MarketType.swift in Sources */,
				56F88D602BCE114D00A197D1 /* CardView.swift in Sources */,
				564A1F0C2BC7C6740012A49B /* SportDetailsViewModel.swift in Sources */,
				56F88D5D2BCE10D500A197D1 /* APIRequest.swift in Sources */,
				56F88D592BCDEBC700A197D1 /* BaseCoordinator.swift in Sources */,
				56F88D5E2BCE110800A197D1 /* SportDetailsTableViewCell.swift in Sources */,
			);
			runOnlyForDeploymentPostprocessing = 0;
		};
		56954E922BBEDC00002FC8D0 /* Sources */ = {
			isa = PBXSourcesBuildPhase;
			buildActionMask = 2147483647;
			files = (
				56954E9D2BBEDC00002FC8D0 /* SportsbookUITestsLaunchTests.swift in Sources */,
				56954E9B2BBEDC00002FC8D0 /* SportsbookUITests.swift in Sources */,
			);
			runOnlyForDeploymentPostprocessing = 0;
		};
/* End PBXSourcesBuildPhase section */

/* Begin PBXTargetDependency section */
		56954E8E2BBEDC00002FC8D0 /* PBXTargetDependency */ = {
			isa = PBXTargetDependency;
			target = 56954E752BBEDBFF002FC8D0 /* Sportsbook */;
			targetProxy = 56954E8D2BBEDC00002FC8D0 /* PBXContainerItemProxy */;
		};
		56954E982BBEDC00002FC8D0 /* PBXTargetDependency */ = {
			isa = PBXTargetDependency;
			target = 56954E752BBEDBFF002FC8D0 /* Sportsbook */;
			targetProxy = 56954E972BBEDC00002FC8D0 /* PBXContainerItemProxy */;
		};
/* End PBXTargetDependency section */

/* Begin PBXVariantGroup section */
		56954E842BBEDC00002FC8D0 /* LaunchScreen.storyboard */ = {
			isa = PBXVariantGroup;
			children = (
				56954E852BBEDC00002FC8D0 /* Base */,
			);
			name = LaunchScreen.storyboard;
			sourceTree = "<group>";
		};
/* End PBXVariantGroup section */

/* Begin XCBuildConfiguration section */
		56954E9E2BBEDC00002FC8D0 /* Debug */ = {
			isa = XCBuildConfiguration;
			buildSettings = {
				ALWAYS_SEARCH_USER_PATHS = NO;
				ASSETCATALOG_COMPILER_GENERATE_SWIFT_ASSET_SYMBOL_EXTENSIONS = YES;
				CLANG_ANALYZER_NONNULL = YES;
				CLANG_ANALYZER_NUMBER_OBJECT_CONVERSION = YES_AGGRESSIVE;
				CLANG_CXX_LANGUAGE_STANDARD = "gnu++20";
				CLANG_ENABLE_MODULES = YES;
				CLANG_ENABLE_OBJC_ARC = YES;
				CLANG_ENABLE_OBJC_WEAK = YES;
				CLANG_WARN_BLOCK_CAPTURE_AUTORELEASING = YES;
				CLANG_WARN_BOOL_CONVERSION = YES;
				CLANG_WARN_COMMA = YES;
				CLANG_WARN_CONSTANT_CONVERSION = YES;
				CLANG_WARN_DEPRECATED_OBJC_IMPLEMENTATIONS = YES;
				CLANG_WARN_DIRECT_OBJC_ISA_USAGE = YES_ERROR;
				CLANG_WARN_DOCUMENTATION_COMMENTS = YES;
				CLANG_WARN_EMPTY_BODY = YES;
				CLANG_WARN_ENUM_CONVERSION = YES;
				CLANG_WARN_INFINITE_RECURSION = YES;
				CLANG_WARN_INT_CONVERSION = YES;
				CLANG_WARN_NON_LITERAL_NULL_CONVERSION = YES;
				CLANG_WARN_OBJC_IMPLICIT_RETAIN_SELF = YES;
				CLANG_WARN_OBJC_LITERAL_CONVERSION = YES;
				CLANG_WARN_OBJC_ROOT_CLASS = YES_ERROR;
				CLANG_WARN_QUOTED_INCLUDE_IN_FRAMEWORK_HEADER = YES;
				CLANG_WARN_RANGE_LOOP_ANALYSIS = YES;
				CLANG_WARN_STRICT_PROTOTYPES = YES;
				CLANG_WARN_SUSPICIOUS_MOVE = YES;
				CLANG_WARN_UNGUARDED_AVAILABILITY = YES_AGGRESSIVE;
				CLANG_WARN_UNREACHABLE_CODE = YES;
				CLANG_WARN__DUPLICATE_METHOD_MATCH = YES;
				COPY_PHASE_STRIP = NO;
				DEBUG_INFORMATION_FORMAT = dwarf;
				ENABLE_STRICT_OBJC_MSGSEND = YES;
				ENABLE_TESTABILITY = YES;
				ENABLE_USER_SCRIPT_SANDBOXING = YES;
				GCC_C_LANGUAGE_STANDARD = gnu17;
				GCC_DYNAMIC_NO_PIC = NO;
				GCC_NO_COMMON_BLOCKS = YES;
				GCC_OPTIMIZATION_LEVEL = 0;
				GCC_PREPROCESSOR_DEFINITIONS = (
					"DEBUG=1",
					"$(inherited)",
				);
				GCC_WARN_64_TO_32_BIT_CONVERSION = YES;
				GCC_WARN_ABOUT_RETURN_TYPE = YES_ERROR;
				GCC_WARN_UNDECLARED_SELECTOR = YES;
				GCC_WARN_UNINITIALIZED_AUTOS = YES_AGGRESSIVE;
				GCC_WARN_UNUSED_FUNCTION = YES;
				GCC_WARN_UNUSED_VARIABLE = YES;
				IPHONEOS_DEPLOYMENT_TARGET = 17.0;
				LOCALIZATION_PREFERS_STRING_CATALOGS = YES;
				MTL_ENABLE_DEBUG_INFO = INCLUDE_SOURCE;
				MTL_FAST_MATH = YES;
				ONLY_ACTIVE_ARCH = YES;
				SDKROOT = iphoneos;
				SWIFT_ACTIVE_COMPILATION_CONDITIONS = "DEBUG $(inherited)";
				SWIFT_OPTIMIZATION_LEVEL = "-Onone";
			};
			name = Debug;
		};
		56954E9F2BBEDC00002FC8D0 /* Release */ = {
			isa = XCBuildConfiguration;
			buildSettings = {
				ALWAYS_SEARCH_USER_PATHS = NO;
				ASSETCATALOG_COMPILER_GENERATE_SWIFT_ASSET_SYMBOL_EXTENSIONS = YES;
				CLANG_ANALYZER_NONNULL = YES;
				CLANG_ANALYZER_NUMBER_OBJECT_CONVERSION = YES_AGGRESSIVE;
				CLANG_CXX_LANGUAGE_STANDARD = "gnu++20";
				CLANG_ENABLE_MODULES = YES;
				CLANG_ENABLE_OBJC_ARC = YES;
				CLANG_ENABLE_OBJC_WEAK = YES;
				CLANG_WARN_BLOCK_CAPTURE_AUTORELEASING = YES;
				CLANG_WARN_BOOL_CONVERSION = YES;
				CLANG_WARN_COMMA = YES;
				CLANG_WARN_CONSTANT_CONVERSION = YES;
				CLANG_WARN_DEPRECATED_OBJC_IMPLEMENTATIONS = YES;
				CLANG_WARN_DIRECT_OBJC_ISA_USAGE = YES_ERROR;
				CLANG_WARN_DOCUMENTATION_COMMENTS = YES;
				CLANG_WARN_EMPTY_BODY = YES;
				CLANG_WARN_ENUM_CONVERSION = YES;
				CLANG_WARN_INFINITE_RECURSION = YES;
				CLANG_WARN_INT_CONVERSION = YES;
				CLANG_WARN_NON_LITERAL_NULL_CONVERSION = YES;
				CLANG_WARN_OBJC_IMPLICIT_RETAIN_SELF = YES;
				CLANG_WARN_OBJC_LITERAL_CONVERSION = YES;
				CLANG_WARN_OBJC_ROOT_CLASS = YES_ERROR;
				CLANG_WARN_QUOTED_INCLUDE_IN_FRAMEWORK_HEADER = YES;
				CLANG_WARN_RANGE_LOOP_ANALYSIS = YES;
				CLANG_WARN_STRICT_PROTOTYPES = YES;
				CLANG_WARN_SUSPICIOUS_MOVE = YES;
				CLANG_WARN_UNGUARDED_AVAILABILITY = YES_AGGRESSIVE;
				CLANG_WARN_UNREACHABLE_CODE = YES;
				CLANG_WARN__DUPLICATE_METHOD_MATCH = YES;
				COPY_PHASE_STRIP = NO;
				DEBUG_INFORMATION_FORMAT = "dwarf-with-dsym";
				ENABLE_NS_ASSERTIONS = NO;
				ENABLE_STRICT_OBJC_MSGSEND = YES;
				ENABLE_USER_SCRIPT_SANDBOXING = YES;
				GCC_C_LANGUAGE_STANDARD = gnu17;
				GCC_NO_COMMON_BLOCKS = YES;
				GCC_WARN_64_TO_32_BIT_CONVERSION = YES;
				GCC_WARN_ABOUT_RETURN_TYPE = YES_ERROR;
				GCC_WARN_UNDECLARED_SELECTOR = YES;
				GCC_WARN_UNINITIALIZED_AUTOS = YES_AGGRESSIVE;
				GCC_WARN_UNUSED_FUNCTION = YES;
				GCC_WARN_UNUSED_VARIABLE = YES;
				IPHONEOS_DEPLOYMENT_TARGET = 17.0;
				LOCALIZATION_PREFERS_STRING_CATALOGS = YES;
				MTL_ENABLE_DEBUG_INFO = NO;
				MTL_FAST_MATH = YES;
				SDKROOT = iphoneos;
				SWIFT_COMPILATION_MODE = wholemodule;
				VALIDATE_PRODUCT = YES;
			};
			name = Release;
		};
		56954EA12BBEDC00002FC8D0 /* Debug */ = {
			isa = XCBuildConfiguration;
			buildSettings = {
				ASSETCATALOG_COMPILER_APPICON_NAME = AppIcon;
				ASSETCATALOG_COMPILER_GLOBAL_ACCENT_COLOR_NAME = AccentColor;
				CODE_SIGN_STYLE = Automatic;
				CURRENT_PROJECT_VERSION = 1;
				DEVELOPMENT_TEAM = 9GR9Z92KPJ;
				GENERATE_INFOPLIST_FILE = YES;
				INFOPLIST_FILE = Sportsbook/Info.plist;
				INFOPLIST_KEY_UIApplicationSupportsIndirectInputEvents = YES;
				INFOPLIST_KEY_UILaunchStoryboardName = LaunchScreen;
				INFOPLIST_KEY_UIStatusBarStyle = "";
				INFOPLIST_KEY_UISupportedInterfaceOrientations = UIInterfaceOrientationPortrait;
				IPHONEOS_DEPLOYMENT_TARGET = 16.0;
				LD_RUNPATH_SEARCH_PATHS = (
					"$(inherited)",
					"@executable_path/Frameworks",
				);
				MARKETING_VERSION = 1.0;
				PRODUCT_BUNDLE_IDENTIFIER = com.vkalchev.Sportsbook;
				PRODUCT_NAME = "$(TARGET_NAME)";
				SWIFT_EMIT_LOC_STRINGS = YES;
				SWIFT_VERSION = 5.0;
				TARGETED_DEVICE_FAMILY = "1,2";
			};
			name = Debug;
		};
		56954EA22BBEDC00002FC8D0 /* Release */ = {
			isa = XCBuildConfiguration;
			buildSettings = {
				ASSETCATALOG_COMPILER_APPICON_NAME = AppIcon;
				ASSETCATALOG_COMPILER_GLOBAL_ACCENT_COLOR_NAME = AccentColor;
				CODE_SIGN_STYLE = Automatic;
				CURRENT_PROJECT_VERSION = 1;
				DEVELOPMENT_TEAM = 9GR9Z92KPJ;
				GENERATE_INFOPLIST_FILE = YES;
				INFOPLIST_FILE = Sportsbook/Info.plist;
				INFOPLIST_KEY_UIApplicationSupportsIndirectInputEvents = YES;
				INFOPLIST_KEY_UILaunchStoryboardName = LaunchScreen;
				INFOPLIST_KEY_UIStatusBarStyle = "";
				INFOPLIST_KEY_UISupportedInterfaceOrientations = UIInterfaceOrientationPortrait;
				IPHONEOS_DEPLOYMENT_TARGET = 16.0;
				LD_RUNPATH_SEARCH_PATHS = (
					"$(inherited)",
					"@executable_path/Frameworks",
				);
				MARKETING_VERSION = 1.0;
				PRODUCT_BUNDLE_IDENTIFIER = com.vkalchev.Sportsbook;
				PRODUCT_NAME = "$(TARGET_NAME)";
				SWIFT_EMIT_LOC_STRINGS = YES;
				SWIFT_VERSION = 5.0;
				TARGETED_DEVICE_FAMILY = "1,2";
			};
			name = Release;
		};
		56954EA42BBEDC00002FC8D0 /* Debug */ = {
			isa = XCBuildConfiguration;
			buildSettings = {
				ALWAYS_EMBED_SWIFT_STANDARD_LIBRARIES = YES;
				BUNDLE_LOADER = "$(TEST_HOST)";
				CODE_SIGN_STYLE = Automatic;
				CURRENT_PROJECT_VERSION = 1;
				GENERATE_INFOPLIST_FILE = YES;
				IPHONEOS_DEPLOYMENT_TARGET = 17.0;
				MARKETING_VERSION = 1.0;
				PRODUCT_BUNDLE_IDENTIFIER = com.vkalchev.SportsbookTests;
				PRODUCT_NAME = "$(TARGET_NAME)";
				SWIFT_EMIT_LOC_STRINGS = NO;
				SWIFT_VERSION = 5.0;
				TARGETED_DEVICE_FAMILY = "1,2";
				TEST_HOST = "$(BUILT_PRODUCTS_DIR)/Sportsbook.app/$(BUNDLE_EXECUTABLE_FOLDER_PATH)/Sportsbook";
			};
			name = Debug;
		};
		56954EA52BBEDC00002FC8D0 /* Release */ = {
			isa = XCBuildConfiguration;
			buildSettings = {
				ALWAYS_EMBED_SWIFT_STANDARD_LIBRARIES = YES;
				BUNDLE_LOADER = "$(TEST_HOST)";
				CODE_SIGN_STYLE = Automatic;
				CURRENT_PROJECT_VERSION = 1;
				GENERATE_INFOPLIST_FILE = YES;
				IPHONEOS_DEPLOYMENT_TARGET = 17.0;
				MARKETING_VERSION = 1.0;
				PRODUCT_BUNDLE_IDENTIFIER = com.vkalchev.SportsbookTests;
				PRODUCT_NAME = "$(TARGET_NAME)";
				SWIFT_EMIT_LOC_STRINGS = NO;
				SWIFT_VERSION = 5.0;
				TARGETED_DEVICE_FAMILY = "1,2";
				TEST_HOST = "$(BUILT_PRODUCTS_DIR)/Sportsbook.app/$(BUNDLE_EXECUTABLE_FOLDER_PATH)/Sportsbook";
			};
			name = Release;
		};
		56954EA72BBEDC00002FC8D0 /* Debug */ = {
			isa = XCBuildConfiguration;
			buildSettings = {
				ALWAYS_EMBED_SWIFT_STANDARD_LIBRARIES = YES;
				CODE_SIGN_STYLE = Automatic;
				CURRENT_PROJECT_VERSION = 1;
				GENERATE_INFOPLIST_FILE = YES;
				MARKETING_VERSION = 1.0;
				PRODUCT_BUNDLE_IDENTIFIER = com.vkalchev.SportsbookUITests;
				PRODUCT_NAME = "$(TARGET_NAME)";
				SWIFT_EMIT_LOC_STRINGS = NO;
				SWIFT_VERSION = 5.0;
				TARGETED_DEVICE_FAMILY = "1,2";
				TEST_TARGET_NAME = Sportsbook;
			};
			name = Debug;
		};
		56954EA82BBEDC00002FC8D0 /* Release */ = {
			isa = XCBuildConfiguration;
			buildSettings = {
				ALWAYS_EMBED_SWIFT_STANDARD_LIBRARIES = YES;
				CODE_SIGN_STYLE = Automatic;
				CURRENT_PROJECT_VERSION = 1;
				GENERATE_INFOPLIST_FILE = YES;
				MARKETING_VERSION = 1.0;
				PRODUCT_BUNDLE_IDENTIFIER = com.vkalchev.SportsbookUITests;
				PRODUCT_NAME = "$(TARGET_NAME)";
				SWIFT_EMIT_LOC_STRINGS = NO;
				SWIFT_VERSION = 5.0;
				TARGETED_DEVICE_FAMILY = "1,2";
				TEST_TARGET_NAME = Sportsbook;
			};
			name = Release;
		};
/* End XCBuildConfiguration section */

/* Begin XCConfigurationList section */
		56954E712BBEDBFF002FC8D0 /* Build configuration list for PBXProject "Sportsbook" */ = {
			isa = XCConfigurationList;
			buildConfigurations = (
				56954E9E2BBEDC00002FC8D0 /* Debug */,
				56954E9F2BBEDC00002FC8D0 /* Release */,
			);
			defaultConfigurationIsVisible = 0;
			defaultConfigurationName = Release;
		};
		56954EA02BBEDC00002FC8D0 /* Build configuration list for PBXNativeTarget "Sportsbook" */ = {
			isa = XCConfigurationList;
			buildConfigurations = (
				56954EA12BBEDC00002FC8D0 /* Debug */,
				56954EA22BBEDC00002FC8D0 /* Release */,
			);
			defaultConfigurationIsVisible = 0;
			defaultConfigurationName = Release;
		};
		56954EA32BBEDC00002FC8D0 /* Build configuration list for PBXNativeTarget "SportsbookTests" */ = {
			isa = XCConfigurationList;
			buildConfigurations = (
				56954EA42BBEDC00002FC8D0 /* Debug */,
				56954EA52BBEDC00002FC8D0 /* Release */,
			);
			defaultConfigurationIsVisible = 0;
			defaultConfigurationName = Release;
		};
		56954EA62BBEDC00002FC8D0 /* Build configuration list for PBXNativeTarget "SportsbookUITests" */ = {
			isa = XCConfigurationList;
			buildConfigurations = (
				56954EA72BBEDC00002FC8D0 /* Debug */,
				56954EA82BBEDC00002FC8D0 /* Release */,
			);
			defaultConfigurationIsVisible = 0;
			defaultConfigurationName = Release;
		};
/* End XCConfigurationList section */
	};
	rootObject = 56954E6E2BBEDBFF002FC8D0 /* Project object */;
}
